// !$*UTF8*$!
{
	archiveVersion = 1;
	classes = {
	};
	objectVersion = 56;
	objects = {

/* Begin PBXBuildFile section */
		67037A742B9F7E55007C183D /* SwiftSamplesApp.swift in Sources */ = {isa = PBXBuildFile; fileRef = 67037A732B9F7E55007C183D /* SwiftSamplesApp.swift */; };
		67037A762B9F7E55007C183D /* ContentView.swift in Sources */ = {isa = PBXBuildFile; fileRef = 67037A752B9F7E55007C183D /* ContentView.swift */; };
		67037A782B9F7E56007C183D /* Assets.xcassets in Resources */ = {isa = PBXBuildFile; fileRef = 67037A772B9F7E56007C183D /* Assets.xcassets */; };
		67037A7B2B9F7E56007C183D /* Preview Assets.xcassets in Resources */ = {isa = PBXBuildFile; fileRef = 67037A7A2B9F7E56007C183D /* Preview Assets.xcassets */; };
		67037A852B9F7E56007C183D /* SwiftSamplesTests.swift in Sources */ = {isa = PBXBuildFile; fileRef = 67037A842B9F7E56007C183D /* SwiftSamplesTests.swift */; };
		67037A8F2B9F7E56007C183D /* SwiftSamplesUITests.swift in Sources */ = {isa = PBXBuildFile; fileRef = 67037A8E2B9F7E56007C183D /* SwiftSamplesUITests.swift */; };
		67037A912B9F7E56007C183D /* SwiftSamplesUITestsLaunchTests.swift in Sources */ = {isa = PBXBuildFile; fileRef = 67037A902B9F7E56007C183D /* SwiftSamplesUITestsLaunchTests.swift */; };
		678E3DD62B9F872100BFE91F /* ComposableArchitecture in Frameworks */ = {isa = PBXBuildFile; productRef = 678E3DD52B9F872100BFE91F /* ComposableArchitecture */; };
		678E3DD92B9F878800BFE91F /* Kingfisher in Frameworks */ = {isa = PBXBuildFile; productRef = 678E3DD82B9F878800BFE91F /* Kingfisher */; };
		678E3DDD2B9F9FCE00BFE91F /* FeatureListView.swift in Sources */ = {isa = PBXBuildFile; fileRef = 678E3DDC2B9F9FCE00BFE91F /* FeatureListView.swift */; };
		678E3DDF2B9FA27000BFE91F /* FeatureListReducer.swift in Sources */ = {isa = PBXBuildFile; fileRef = 678E3DDE2B9FA27000BFE91F /* FeatureListReducer.swift */; };
/* End PBXBuildFile section */

/* Begin PBXContainerItemProxy section */
		67037A812B9F7E56007C183D /* PBXContainerItemProxy */ = {
			isa = PBXContainerItemProxy;
			containerPortal = 67037A682B9F7E55007C183D /* Project object */;
			proxyType = 1;
			remoteGlobalIDString = 67037A6F2B9F7E55007C183D;
			remoteInfo = SwiftSamples;
		};
		67037A8B2B9F7E56007C183D /* PBXContainerItemProxy */ = {
			isa = PBXContainerItemProxy;
			containerPortal = 67037A682B9F7E55007C183D /* Project object */;
			proxyType = 1;
			remoteGlobalIDString = 67037A6F2B9F7E55007C183D;
			remoteInfo = SwiftSamples;
		};
/* End PBXContainerItemProxy section */

/* Begin PBXFileReference section */
		67037A702B9F7E55007C183D /* SwiftSamples.app */ = {isa = PBXFileReference; explicitFileType = wrapper.application; includeInIndex = 0; path = SwiftSamples.app; sourceTree = BUILT_PRODUCTS_DIR; };
		67037A732B9F7E55007C183D /* SwiftSamplesApp.swift */ = {isa = PBXFileReference; lastKnownFileType = sourcecode.swift; path = SwiftSamplesApp.swift; sourceTree = "<group>"; };
		67037A752B9F7E55007C183D /* ContentView.swift */ = {isa = PBXFileReference; lastKnownFileType = sourcecode.swift; path = ContentView.swift; sourceTree = "<group>"; };
		67037A772B9F7E56007C183D /* Assets.xcassets */ = {isa = PBXFileReference; lastKnownFileType = folder.assetcatalog; path = Assets.xcassets; sourceTree = "<group>"; };
		67037A7A2B9F7E56007C183D /* Preview Assets.xcassets */ = {isa = PBXFileReference; lastKnownFileType = folder.assetcatalog; path = "Preview Assets.xcassets"; sourceTree = "<group>"; };
		67037A802B9F7E56007C183D /* SwiftSamplesTests.xctest */ = {isa = PBXFileReference; explicitFileType = wrapper.cfbundle; includeInIndex = 0; path = SwiftSamplesTests.xctest; sourceTree = BUILT_PRODUCTS_DIR; };
		67037A842B9F7E56007C183D /* SwiftSamplesTests.swift */ = {isa = PBXFileReference; lastKnownFileType = sourcecode.swift; path = SwiftSamplesTests.swift; sourceTree = "<group>"; };
		67037A8A2B9F7E56007C183D /* SwiftSamplesUITests.xctest */ = {isa = PBXFileReference; explicitFileType = wrapper.cfbundle; includeInIndex = 0; path = SwiftSamplesUITests.xctest; sourceTree = BUILT_PRODUCTS_DIR; };
		67037A8E2B9F7E56007C183D /* SwiftSamplesUITests.swift */ = {isa = PBXFileReference; lastKnownFileType = sourcecode.swift; path = SwiftSamplesUITests.swift; sourceTree = "<group>"; };
		67037A902B9F7E56007C183D /* SwiftSamplesUITestsLaunchTests.swift */ = {isa = PBXFileReference; lastKnownFileType = sourcecode.swift; path = SwiftSamplesUITestsLaunchTests.swift; sourceTree = "<group>"; };
		678E3DDC2B9F9FCE00BFE91F /* FeatureListView.swift */ = {isa = PBXFileReference; lastKnownFileType = sourcecode.swift; path = FeatureListView.swift; sourceTree = "<group>"; };
		678E3DDE2B9FA27000BFE91F /* FeatureListReducer.swift */ = {isa = PBXFileReference; lastKnownFileType = sourcecode.swift; path = FeatureListReducer.swift; sourceTree = "<group>"; };
/* End PBXFileReference section */

/* Begin PBXFrameworksBuildPhase section */
		67037A6D2B9F7E55007C183D /* Frameworks */ = {
			isa = PBXFrameworksBuildPhase;
			buildActionMask = 2147483647;
			files = (
				678E3DD92B9F878800BFE91F /* Kingfisher in Frameworks */,
				678E3DD62B9F872100BFE91F /* ComposableArchitecture in Frameworks */,
			);
			runOnlyForDeploymentPostprocessing = 0;
		};
		67037A7D2B9F7E56007C183D /* Frameworks */ = {
			isa = PBXFrameworksBuildPhase;
			buildActionMask = 2147483647;
			files = (
			);
			runOnlyForDeploymentPostprocessing = 0;
		};
		67037A872B9F7E56007C183D /* Frameworks */ = {
			isa = PBXFrameworksBuildPhase;
			buildActionMask = 2147483647;
			files = (
			);
			runOnlyForDeploymentPostprocessing = 0;
		};
/* End PBXFrameworksBuildPhase section */

/* Begin PBXGroup section */
		67037A672B9F7E55007C183D = {
			isa = PBXGroup;
			children = (
				67037A722B9F7E55007C183D /* SwiftSamples */,
				67037A832B9F7E56007C183D /* SwiftSamplesTests */,
				67037A8D2B9F7E56007C183D /* SwiftSamplesUITests */,
				67037A712B9F7E55007C183D /* Products */,
			);
			sourceTree = "<group>";
		};
		67037A712B9F7E55007C183D /* Products */ = {
			isa = PBXGroup;
			children = (
				67037A702B9F7E55007C183D /* SwiftSamples.app */,
				67037A802B9F7E56007C183D /* SwiftSamplesTests.xctest */,
				67037A8A2B9F7E56007C183D /* SwiftSamplesUITests.xctest */,
			);
			name = Products;
			sourceTree = "<group>";
		};
		67037A722B9F7E55007C183D /* SwiftSamples */ = {
			isa = PBXGroup;
			children = (
				678E3DDB2B9F9F2900BFE91F /* Reducer */,
				678E3DDA2B9F9F2200BFE91F /* View */,
				67037A732B9F7E55007C183D /* SwiftSamplesApp.swift */,
				67037A752B9F7E55007C183D /* ContentView.swift */,
				67037A772B9F7E56007C183D /* Assets.xcassets */,
				67037A792B9F7E56007C183D /* Preview Content */,
			);
			path = SwiftSamples;
			sourceTree = "<group>";
		};
		67037A792B9F7E56007C183D /* Preview Content */ = {
			isa = PBXGroup;
			children = (
				67037A7A2B9F7E56007C183D /* Preview Assets.xcassets */,
			);
			path = "Preview Content";
			sourceTree = "<group>";
		};
		67037A832B9F7E56007C183D /* SwiftSamplesTests */ = {
			isa = PBXGroup;
			children = (
				67037A842B9F7E56007C183D /* SwiftSamplesTests.swift */,
			);
			path = SwiftSamplesTests;
			sourceTree = "<group>";
		};
		67037A8D2B9F7E56007C183D /* SwiftSamplesUITests */ = {
			isa = PBXGroup;
			children = (
				67037A8E2B9F7E56007C183D /* SwiftSamplesUITests.swift */,
				67037A902B9F7E56007C183D /* SwiftSamplesUITestsLaunchTests.swift */,
			);
			path = SwiftSamplesUITests;
			sourceTree = "<group>";
		};
		678E3DDA2B9F9F2200BFE91F /* View */ = {
			isa = PBXGroup;
			children = (
				678E3DDC2B9F9FCE00BFE91F /* FeatureListView.swift */,
			);
			path = View;
			sourceTree = "<group>";
		};
		678E3DDB2B9F9F2900BFE91F /* Reducer */ = {
			isa = PBXGroup;
			children = (
				678E3DDE2B9FA27000BFE91F /* FeatureListReducer.swift */,
			);
			path = Reducer;
			sourceTree = "<group>";
		};
/* End PBXGroup section */

/* Begin PBXNativeTarget section */
		67037A6F2B9F7E55007C183D /* SwiftSamples */ = {
			isa = PBXNativeTarget;
			buildConfigurationList = 67037A942B9F7E56007C183D /* Build configuration list for PBXNativeTarget "SwiftSamples" */;
			buildPhases = (
				67037A6C2B9F7E55007C183D /* Sources */,
				67037A6D2B9F7E55007C183D /* Frameworks */,
				67037A6E2B9F7E55007C183D /* Resources */,
			);
			buildRules = (
			);
			dependencies = (
			);
			name = SwiftSamples;
			packageProductDependencies = (
				678E3DD52B9F872100BFE91F /* ComposableArchitecture */,
				678E3DD82B9F878800BFE91F /* Kingfisher */,
			);
			productName = SwiftSamples;
			productReference = 67037A702B9F7E55007C183D /* SwiftSamples.app */;
			productType = "com.apple.product-type.application";
		};
		67037A7F2B9F7E56007C183D /* SwiftSamplesTests */ = {
			isa = PBXNativeTarget;
			buildConfigurationList = 67037A972B9F7E56007C183D /* Build configuration list for PBXNativeTarget "SwiftSamplesTests" */;
			buildPhases = (
				67037A7C2B9F7E56007C183D /* Sources */,
				67037A7D2B9F7E56007C183D /* Frameworks */,
				67037A7E2B9F7E56007C183D /* Resources */,
			);
			buildRules = (
			);
			dependencies = (
				67037A822B9F7E56007C183D /* PBXTargetDependency */,
			);
			name = SwiftSamplesTests;
			productName = SwiftSamplesTests;
			productReference = 67037A802B9F7E56007C183D /* SwiftSamplesTests.xctest */;
			productType = "com.apple.product-type.bundle.unit-test";
		};
		67037A892B9F7E56007C183D /* SwiftSamplesUITests */ = {
			isa = PBXNativeTarget;
			buildConfigurationList = 67037A9A2B9F7E56007C183D /* Build configuration list for PBXNativeTarget "SwiftSamplesUITests" */;
			buildPhases = (
				67037A862B9F7E56007C183D /* Sources */,
				67037A872B9F7E56007C183D /* Frameworks */,
				67037A882B9F7E56007C183D /* Resources */,
			);
			buildRules = (
			);
			dependencies = (
				67037A8C2B9F7E56007C183D /* PBXTargetDependency */,
			);
			name = SwiftSamplesUITests;
			productName = SwiftSamplesUITests;
			productReference = 67037A8A2B9F7E56007C183D /* SwiftSamplesUITests.xctest */;
			productType = "com.apple.product-type.bundle.ui-testing";
		};
/* End PBXNativeTarget section */

/* Begin PBXProject section */
		67037A682B9F7E55007C183D /* Project object */ = {
			isa = PBXProject;
			attributes = {
				BuildIndependentTargetsInParallel = 1;
				LastSwiftUpdateCheck = 1500;
				LastUpgradeCheck = 1500;
				TargetAttributes = {
					67037A6F2B9F7E55007C183D = {
						CreatedOnToolsVersion = 15.0.1;
					};
					67037A7F2B9F7E56007C183D = {
						CreatedOnToolsVersion = 15.0.1;
						TestTargetID = 67037A6F2B9F7E55007C183D;
					};
					67037A892B9F7E56007C183D = {
						CreatedOnToolsVersion = 15.0.1;
						TestTargetID = 67037A6F2B9F7E55007C183D;
					};
				};
			};
			buildConfigurationList = 67037A6B2B9F7E55007C183D /* Build configuration list for PBXProject "SwiftSamples" */;
			compatibilityVersion = "Xcode 14.0";
			developmentRegion = en;
			hasScannedForEncodings = 0;
			knownRegions = (
				en,
				Base,
			);
			mainGroup = 67037A672B9F7E55007C183D;
			packageReferences = (
				678E3DD42B9F872100BFE91F /* XCRemoteSwiftPackageReference "swift-composable-architecture" */,
				678E3DD72B9F878800BFE91F /* XCRemoteSwiftPackageReference "Kingfisher" */,
			);
			productRefGroup = 67037A712B9F7E55007C183D /* Products */;
			projectDirPath = "";
			projectRoot = "";
			targets = (
				67037A6F2B9F7E55007C183D /* SwiftSamples */,
				67037A7F2B9F7E56007C183D /* SwiftSamplesTests */,
				67037A892B9F7E56007C183D /* SwiftSamplesUITests */,
			);
		};
/* End PBXProject section */

/* Begin PBXResourcesBuildPhase section */
		67037A6E2B9F7E55007C183D /* Resources */ = {
			isa = PBXResourcesBuildPhase;
			buildActionMask = 2147483647;
			files = (
				67037A7B2B9F7E56007C183D /* Preview Assets.xcassets in Resources */,
				67037A782B9F7E56007C183D /* Assets.xcassets in Resources */,
			);
			runOnlyForDeploymentPostprocessing = 0;
		};
		67037A7E2B9F7E56007C183D /* Resources */ = {
			isa = PBXResourcesBuildPhase;
			buildActionMask = 2147483647;
			files = (
			);
			runOnlyForDeploymentPostprocessing = 0;
		};
		67037A882B9F7E56007C183D /* Resources */ = {
			isa = PBXResourcesBuildPhase;
			buildActionMask = 2147483647;
			files = (
			);
			runOnlyForDeploymentPostprocessing = 0;
		};
/* End PBXResourcesBuildPhase section */

/* Begin PBXSourcesBuildPhase section */
		67037A6C2B9F7E55007C183D /* Sources */ = {
			isa = PBXSourcesBuildPhase;
			buildActionMask = 2147483647;
			files = (
				678E3DDD2B9F9FCE00BFE91F /* FeatureListView.swift in Sources */,
				678E3DDF2B9FA27000BFE91F /* FeatureListReducer.swift in Sources */,
				67037A762B9F7E55007C183D /* ContentView.swift in Sources */,
				67037A742B9F7E55007C183D /* SwiftSamplesApp.swift in Sources */,
			);
			runOnlyForDeploymentPostprocessing = 0;
		};
		67037A7C2B9F7E56007C183D /* Sources */ = {
			isa = PBXSourcesBuildPhase;
			buildActionMask = 2147483647;
			files = (
				67037A852B9F7E56007C183D /* SwiftSamplesTests.swift in Sources */,
			);
			runOnlyForDeploymentPostprocessing = 0;
		};
		67037A862B9F7E56007C183D /* Sources */ = {
			isa = PBXSourcesBuildPhase;
			buildActionMask = 2147483647;
			files = (
				67037A912B9F7E56007C183D /* SwiftSamplesUITestsLaunchTests.swift in Sources */,
				67037A8F2B9F7E56007C183D /* SwiftSamplesUITests.swift in Sources */,
			);
			runOnlyForDeploymentPostprocessing = 0;
		};
/* End PBXSourcesBuildPhase section */

/* Begin PBXTargetDependency section */
		67037A822B9F7E56007C183D /* PBXTargetDependency */ = {
			isa = PBXTargetDependency;
			target = 67037A6F2B9F7E55007C183D /* SwiftSamples */;
			targetProxy = 67037A812B9F7E56007C183D /* PBXContainerItemProxy */;
		};
		67037A8C2B9F7E56007C183D /* PBXTargetDependency */ = {
			isa = PBXTargetDependency;
			target = 67037A6F2B9F7E55007C183D /* SwiftSamples */;
			targetProxy = 67037A8B2B9F7E56007C183D /* PBXContainerItemProxy */;
		};
/* End PBXTargetDependency section */

/* Begin XCBuildConfiguration section */
		67037A922B9F7E56007C183D /* Debug */ = {
			isa = XCBuildConfiguration;
			buildSettings = {
				ALWAYS_SEARCH_USER_PATHS = NO;
				ASSETCATALOG_COMPILER_GENERATE_SWIFT_ASSET_SYMBOL_EXTENSIONS = YES;
				CLANG_ANALYZER_NONNULL = YES;
				CLANG_ANALYZER_NUMBER_OBJECT_CONVERSION = YES_AGGRESSIVE;
				CLANG_CXX_LANGUAGE_STANDARD = "gnu++20";
				CLANG_ENABLE_MODULES = YES;
				CLANG_ENABLE_OBJC_ARC = YES;
				CLANG_ENABLE_OBJC_WEAK = YES;
				CLANG_WARN_BLOCK_CAPTURE_AUTORELEASING = YES;
				CLANG_WARN_BOOL_CONVERSION = YES;
				CLANG_WARN_COMMA = YES;
				CLANG_WARN_CONSTANT_CONVERSION = YES;
				CLANG_WARN_DEPRECATED_OBJC_IMPLEMENTATIONS = YES;
				CLANG_WARN_DIRECT_OBJC_ISA_USAGE = YES_ERROR;
				CLANG_WARN_DOCUMENTATION_COMMENTS = YES;
				CLANG_WARN_EMPTY_BODY = YES;
				CLANG_WARN_ENUM_CONVERSION = YES;
				CLANG_WARN_INFINITE_RECURSION = YES;
				CLANG_WARN_INT_CONVERSION = YES;
				CLANG_WARN_NON_LITERAL_NULL_CONVERSION = YES;
				CLANG_WARN_OBJC_IMPLICIT_RETAIN_SELF = YES;
				CLANG_WARN_OBJC_LITERAL_CONVERSION = YES;
				CLANG_WARN_OBJC_ROOT_CLASS = YES_ERROR;
				CLANG_WARN_QUOTED_INCLUDE_IN_FRAMEWORK_HEADER = YES;
				CLANG_WARN_RANGE_LOOP_ANALYSIS = YES;
				CLANG_WARN_STRICT_PROTOTYPES = YES;
				CLANG_WARN_SUSPICIOUS_MOVE = YES;
				CLANG_WARN_UNGUARDED_AVAILABILITY = YES_AGGRESSIVE;
				CLANG_WARN_UNREACHABLE_CODE = YES;
				CLANG_WARN__DUPLICATE_METHOD_MATCH = YES;
				COPY_PHASE_STRIP = NO;
				DEBUG_INFORMATION_FORMAT = dwarf;
				ENABLE_STRICT_OBJC_MSGSEND = YES;
				ENABLE_TESTABILITY = YES;
				ENABLE_USER_SCRIPT_SANDBOXING = YES;
				GCC_C_LANGUAGE_STANDARD = gnu17;
				GCC_DYNAMIC_NO_PIC = NO;
				GCC_NO_COMMON_BLOCKS = YES;
				GCC_OPTIMIZATION_LEVEL = 0;
				GCC_PREPROCESSOR_DEFINITIONS = (
					"DEBUG=1",
					"$(inherited)",
				);
				GCC_WARN_64_TO_32_BIT_CONVERSION = YES;
				GCC_WARN_ABOUT_RETURN_TYPE = YES_ERROR;
				GCC_WARN_UNDECLARED_SELECTOR = YES;
				GCC_WARN_UNINITIALIZED_AUTOS = YES_AGGRESSIVE;
				GCC_WARN_UNUSED_FUNCTION = YES;
				GCC_WARN_UNUSED_VARIABLE = YES;
				IPHONEOS_DEPLOYMENT_TARGET = 17.0;
				LOCALIZATION_PREFERS_STRING_CATALOGS = YES;
				MTL_ENABLE_DEBUG_INFO = INCLUDE_SOURCE;
				MTL_FAST_MATH = YES;
				ONLY_ACTIVE_ARCH = YES;
				SDKROOT = iphoneos;
				SWIFT_ACTIVE_COMPILATION_CONDITIONS = "DEBUG $(inherited)";
				SWIFT_OPTIMIZATION_LEVEL = "-Onone";
			};
			name = Debug;
		};
		67037A932B9F7E56007C183D /* Release */ = {
			isa = XCBuildConfiguration;
			buildSettings = {
				ALWAYS_SEARCH_USER_PATHS = NO;
				ASSETCATALOG_COMPILER_GENERATE_SWIFT_ASSET_SYMBOL_EXTENSIONS = YES;
				CLANG_ANALYZER_NONNULL = YES;
				CLANG_ANALYZER_NUMBER_OBJECT_CONVERSION = YES_AGGRESSIVE;
				CLANG_CXX_LANGUAGE_STANDARD = "gnu++20";
				CLANG_ENABLE_MODULES = YES;
				CLANG_ENABLE_OBJC_ARC = YES;
				CLANG_ENABLE_OBJC_WEAK = YES;
				CLANG_WARN_BLOCK_CAPTURE_AUTORELEASING = YES;
				CLANG_WARN_BOOL_CONVERSION = YES;
				CLANG_WARN_COMMA = YES;
				CLANG_WARN_CONSTANT_CONVERSION = YES;
				CLANG_WARN_DEPRECATED_OBJC_IMPLEMENTATIONS = YES;
				CLANG_WARN_DIRECT_OBJC_ISA_USAGE = YES_ERROR;
				CLANG_WARN_DOCUMENTATION_COMMENTS = YES;
				CLANG_WARN_EMPTY_BODY = YES;
				CLANG_WARN_ENUM_CONVERSION = YES;
				CLANG_WARN_INFINITE_RECURSION = YES;
				CLANG_WARN_INT_CONVERSION = YES;
				CLANG_WARN_NON_LITERAL_NULL_CONVERSION = YES;
				CLANG_WARN_OBJC_IMPLICIT_RETAIN_SELF = YES;
				CLANG_WARN_OBJC_LITERAL_CONVERSION = YES;
				CLANG_WARN_OBJC_ROOT_CLASS = YES_ERROR;
				CLANG_WARN_QUOTED_INCLUDE_IN_FRAMEWORK_HEADER = YES;
				CLANG_WARN_RANGE_LOOP_ANALYSIS = YES;
				CLANG_WARN_STRICT_PROTOTYPES = YES;
				CLANG_WARN_SUSPICIOUS_MOVE = YES;
				CLANG_WARN_UNGUARDED_AVAILABILITY = YES_AGGRESSIVE;
				CLANG_WARN_UNREACHABLE_CODE = YES;
				CLANG_WARN__DUPLICATE_METHOD_MATCH = YES;
				COPY_PHASE_STRIP = NO;
				DEBUG_INFORMATION_FORMAT = "dwarf-with-dsym";
				ENABLE_NS_ASSERTIONS = NO;
				ENABLE_STRICT_OBJC_MSGSEND = YES;
				ENABLE_USER_SCRIPT_SANDBOXING = YES;
				GCC_C_LANGUAGE_STANDARD = gnu17;
				GCC_NO_COMMON_BLOCKS = YES;
				GCC_WARN_64_TO_32_BIT_CONVERSION = YES;
				GCC_WARN_ABOUT_RETURN_TYPE = YES_ERROR;
				GCC_WARN_UNDECLARED_SELECTOR = YES;
				GCC_WARN_UNINITIALIZED_AUTOS = YES_AGGRESSIVE;
				GCC_WARN_UNUSED_FUNCTION = YES;
				GCC_WARN_UNUSED_VARIABLE = YES;
				IPHONEOS_DEPLOYMENT_TARGET = 17.0;
				LOCALIZATION_PREFERS_STRING_CATALOGS = YES;
				MTL_ENABLE_DEBUG_INFO = NO;
				MTL_FAST_MATH = YES;
				SDKROOT = iphoneos;
				SWIFT_COMPILATION_MODE = wholemodule;
				VALIDATE_PRODUCT = YES;
			};
			name = Release;
		};
		67037A952B9F7E56007C183D /* Debug */ = {
			isa = XCBuildConfiguration;
			buildSettings = {
				ASSETCATALOG_COMPILER_APPICON_NAME = AppIcon;
				ASSETCATALOG_COMPILER_GLOBAL_ACCENT_COLOR_NAME = AccentColor;
				CODE_SIGN_STYLE = Automatic;
				CURRENT_PROJECT_VERSION = 1;
				DEVELOPMENT_ASSET_PATHS = "\"SwiftSamples/Preview Content\"";
				DEVELOPMENT_TEAM = D2B3JPR4TJ;
				ENABLE_PREVIEWS = YES;
				GENERATE_INFOPLIST_FILE = YES;
				INFOPLIST_KEY_UIApplicationSceneManifest_Generation = YES;
				INFOPLIST_KEY_UIApplicationSupportsIndirectInputEvents = YES;
				INFOPLIST_KEY_UILaunchScreen_Generation = YES;
				INFOPLIST_KEY_UISupportedInterfaceOrientations_iPad = "UIInterfaceOrientationPortrait UIInterfaceOrientationPortraitUpsideDown UIInterfaceOrientationLandscapeLeft UIInterfaceOrientationLandscapeRight";
				INFOPLIST_KEY_UISupportedInterfaceOrientations_iPhone = "UIInterfaceOrientationPortrait UIInterfaceOrientationLandscapeLeft UIInterfaceOrientationLandscapeRight";
				LD_RUNPATH_SEARCH_PATHS = (
					"$(inherited)",
					"@executable_path/Frameworks",
				);
				MARKETING_VERSION = 1.0;
				PRODUCT_BUNDLE_IDENTIFIER = kei.SwiftSamples;
				PRODUCT_NAME = "$(TARGET_NAME)";
				SWIFT_EMIT_LOC_STRINGS = YES;
				SWIFT_VERSION = 5.0;
				TARGETED_DEVICE_FAMILY = "1,2";
			};
			name = Debug;
		};
		67037A962B9F7E56007C183D /* Release */ = {
			isa = XCBuildConfiguration;
			buildSettings = {
				ASSETCATALOG_COMPILER_APPICON_NAME = AppIcon;
				ASSETCATALOG_COMPILER_GLOBAL_ACCENT_COLOR_NAME = AccentColor;
				CODE_SIGN_STYLE = Automatic;
				CURRENT_PROJECT_VERSION = 1;
				DEVELOPMENT_ASSET_PATHS = "\"SwiftSamples/Preview Content\"";
				DEVELOPMENT_TEAM = D2B3JPR4TJ;
				ENABLE_PREVIEWS = YES;
				GENERATE_INFOPLIST_FILE = YES;
				INFOPLIST_KEY_UIApplicationSceneManifest_Generation = YES;
				INFOPLIST_KEY_UIApplicationSupportsIndirectInputEvents = YES;
				INFOPLIST_KEY_UILaunchScreen_Generation = YES;
				INFOPLIST_KEY_UISupportedInterfaceOrientations_iPad = "UIInterfaceOrientationPortrait UIInterfaceOrientationPortraitUpsideDown UIInterfaceOrientationLandscapeLeft UIInterfaceOrientationLandscapeRight";
				INFOPLIST_KEY_UISupportedInterfaceOrientations_iPhone = "UIInterfaceOrientationPortrait UIInterfaceOrientationLandscapeLeft UIInterfaceOrientationLandscapeRight";
				LD_RUNPATH_SEARCH_PATHS = (
					"$(inherited)",
					"@executable_path/Frameworks",
				);
				MARKETING_VERSION = 1.0;
				PRODUCT_BUNDLE_IDENTIFIER = kei.SwiftSamples;
				PRODUCT_NAME = "$(TARGET_NAME)";
				SWIFT_EMIT_LOC_STRINGS = YES;
				SWIFT_VERSION = 5.0;
				TARGETED_DEVICE_FAMILY = "1,2";
			};
			name = Release;
		};
		67037A982B9F7E56007C183D /* Debug */ = {
			isa = XCBuildConfiguration;
			buildSettings = {
				ALWAYS_EMBED_SWIFT_STANDARD_LIBRARIES = YES;
				BUNDLE_LOADER = "$(TEST_HOST)";
				CODE_SIGN_STYLE = Automatic;
				CURRENT_PROJECT_VERSION = 1;
				DEVELOPMENT_TEAM = D2B3JPR4TJ;
				GENERATE_INFOPLIST_FILE = YES;
				IPHONEOS_DEPLOYMENT_TARGET = 17.0;
				MARKETING_VERSION = 1.0;
				PRODUCT_BUNDLE_IDENTIFIER = kei.SwiftSamplesTests;
				PRODUCT_NAME = "$(TARGET_NAME)";
				SWIFT_EMIT_LOC_STRINGS = NO;
				SWIFT_VERSION = 5.0;
				TARGETED_DEVICE_FAMILY = "1,2";
				TEST_HOST = "$(BUILT_PRODUCTS_DIR)/SwiftSamples.app/$(BUNDLE_EXECUTABLE_FOLDER_PATH)/SwiftSamples";
			};
			name = Debug;
		};
		67037A992B9F7E56007C183D /* Release */ = {
			isa = XCBuildConfiguration;
			buildSettings = {
				ALWAYS_EMBED_SWIFT_STANDARD_LIBRARIES = YES;
				BUNDLE_LOADER = "$(TEST_HOST)";
				CODE_SIGN_STYLE = Automatic;
				CURRENT_PROJECT_VERSION = 1;
				DEVELOPMENT_TEAM = D2B3JPR4TJ;
				GENERATE_INFOPLIST_FILE = YES;
				IPHONEOS_DEPLOYMENT_TARGET = 17.0;
				MARKETING_VERSION = 1.0;
				PRODUCT_BUNDLE_IDENTIFIER = kei.SwiftSamplesTests;
				PRODUCT_NAME = "$(TARGET_NAME)";
				SWIFT_EMIT_LOC_STRINGS = NO;
				SWIFT_VERSION = 5.0;
				TARGETED_DEVICE_FAMILY = "1,2";
				TEST_HOST = "$(BUILT_PRODUCTS_DIR)/SwiftSamples.app/$(BUNDLE_EXECUTABLE_FOLDER_PATH)/SwiftSamples";
			};
			name = Release;
		};
		67037A9B2B9F7E56007C183D /* Debug */ = {
			isa = XCBuildConfiguration;
			buildSettings = {
				ALWAYS_EMBED_SWIFT_STANDARD_LIBRARIES = YES;
				CODE_SIGN_STYLE = Automatic;
				CURRENT_PROJECT_VERSION = 1;
				DEVELOPMENT_TEAM = D2B3JPR4TJ;
				GENERATE_INFOPLIST_FILE = YES;
				MARKETING_VERSION = 1.0;
				PRODUCT_BUNDLE_IDENTIFIER = kei.SwiftSamplesUITests;
				PRODUCT_NAME = "$(TARGET_NAME)";
				SWIFT_EMIT_LOC_STRINGS = NO;
				SWIFT_VERSION = 5.0;
				TARGETED_DEVICE_FAMILY = "1,2";
				TEST_TARGET_NAME = SwiftSamples;
			};
			name = Debug;
		};
		67037A9C2B9F7E56007C183D /* Release */ = {
			isa = XCBuildConfiguration;
			buildSettings = {
				ALWAYS_EMBED_SWIFT_STANDARD_LIBRARIES = YES;
				CODE_SIGN_STYLE = Automatic;
				CURRENT_PROJECT_VERSION = 1;
				DEVELOPMENT_TEAM = D2B3JPR4TJ;
				GENERATE_INFOPLIST_FILE = YES;
				MARKETING_VERSION = 1.0;
				PRODUCT_BUNDLE_IDENTIFIER = kei.SwiftSamplesUITests;
				PRODUCT_NAME = "$(TARGET_NAME)";
				SWIFT_EMIT_LOC_STRINGS = NO;
				SWIFT_VERSION = 5.0;
				TARGETED_DEVICE_FAMILY = "1,2";
				TEST_TARGET_NAME = SwiftSamples;
			};
			name = Release;
		};
/* End XCBuildConfiguration section */

/* Begin XCConfigurationList section */
		67037A6B2B9F7E55007C183D /* Build configuration list for PBXProject "SwiftSamples" */ = {
			isa = XCConfigurationList;
			buildConfigurations = (
				67037A922B9F7E56007C183D /* Debug */,
				67037A932B9F7E56007C183D /* Release */,
			);
			defaultConfigurationIsVisible = 0;
			defaultConfigurationName = Release;
		};
		67037A942B9F7E56007C183D /* Build configuration list for PBXNativeTarget "SwiftSamples" */ = {
			isa = XCConfigurationList;
			buildConfigurations = (
				67037A952B9F7E56007C183D /* Debug */,
				67037A962B9F7E56007C183D /* Release */,
			);
			defaultConfigurationIsVisible = 0;
			defaultConfigurationName = Release;
		};
		67037A972B9F7E56007C183D /* Build configuration list for PBXNativeTarget "SwiftSamplesTests" */ = {
			isa = XCConfigurationList;
			buildConfigurations = (
				67037A982B9F7E56007C183D /* Debug */,
				67037A992B9F7E56007C183D /* Release */,
			);
			defaultConfigurationIsVisible = 0;
			defaultConfigurationName = Release;
		};
		67037A9A2B9F7E56007C183D /* Build configuration list for PBXNativeTarget "SwiftSamplesUITests" */ = {
			isa = XCConfigurationList;
			buildConfigurations = (
				67037A9B2B9F7E56007C183D /* Debug */,
				67037A9C2B9F7E56007C183D /* Release */,
			);
			defaultConfigurationIsVisible = 0;
			defaultConfigurationName = Release;
		};
/* End XCConfigurationList section */

/* Begin XCRemoteSwiftPackageReference section */
		678E3DD42B9F872100BFE91F /* XCRemoteSwiftPackageReference "swift-composable-architecture" */ = {
			isa = XCRemoteSwiftPackageReference;
			repositoryURL = "https://github.com/pointfreeco/swift-composable-architecture";
			requirement = {
				kind = upToNextMajorVersion;
				minimumVersion = 1.9.2;
			};
		};
		678E3DD72B9F878800BFE91F /* XCRemoteSwiftPackageReference "Kingfisher" */ = {
			isa = XCRemoteSwiftPackageReference;
			repositoryURL = "https://github.com/onevcat/Kingfisher";
			requirement = {
				kind = upToNextMajorVersion;
				minimumVersion = 7.11.0;
			};
		};
/* End XCRemoteSwiftPackageReference section */

/* Begin XCSwiftPackageProductDependency section */
		678E3DD52B9F872100BFE91F /* ComposableArchitecture */ = {
			isa = XCSwiftPackageProductDependency;
			package = 678E3DD42B9F872100BFE91F /* XCRemoteSwiftPackageReference "swift-composable-architecture" */;
			productName = ComposableArchitecture;
		};
		678E3DD82B9F878800BFE91F /* Kingfisher */ = {
			isa = XCSwiftPackageProductDependency;
			package = 678E3DD72B9F878800BFE91F /* XCRemoteSwiftPackageReference "Kingfisher" */;
			productName = Kingfisher;
		};
/* End XCSwiftPackageProductDependency section */
	};
	rootObject = 67037A682B9F7E55007C183D /* Project object */;
}
