// !$*UTF8*$!
{
	archiveVersion = 1;
	classes = {
	};
	objectVersion = 56;
	objects = {

/* Begin PBXBuildFile section */
		67037A742B9F7E55007C183D /* SwiftSamplesApp.swift in Sources */ = {isa = PBXBuildFile; fileRef = 67037A732B9F7E55007C183D /* SwiftSamplesApp.swift */; };
		67037A762B9F7E55007C183D /* ContentView.swift in Sources */ = {isa = PBXBuildFile; fileRef = 67037A752B9F7E55007C183D /* ContentView.swift */; };
		67037A782B9F7E56007C183D /* Assets.xcassets in Resources */ = {isa = PBXBuildFile; fileRef = 67037A772B9F7E56007C183D /* Assets.xcassets */; };
		67037A7B2B9F7E56007C183D /* Preview Assets.xcassets in Resources */ = {isa = PBXBuildFile; fileRef = 67037A7A2B9F7E56007C183D /* Preview Assets.xcassets */; };
		67037A852B9F7E56007C183D /* SwiftSamplesTests.swift in Sources */ = {isa = PBXBuildFile; fileRef = 67037A842B9F7E56007C183D /* SwiftSamplesTests.swift */; };
		67037A8F2B9F7E56007C183D /* SwiftSamplesUITests.swift in Sources */ = {isa = PBXBuildFile; fileRef = 67037A8E2B9F7E56007C183D /* SwiftSamplesUITests.swift */; };
		67037A912B9F7E56007C183D /* SwiftSamplesUITestsLaunchTests.swift in Sources */ = {isa = PBXBuildFile; fileRef = 67037A902B9F7E56007C183D /* SwiftSamplesUITestsLaunchTests.swift */; };
		670827E02CE9F74D008EA7AD /* FeatureFlag.swift in Sources */ = {isa = PBXBuildFile; fileRef = 670827DF2CE9F749008EA7AD /* FeatureFlag.swift */; };
		670827E22CEA18D2008EA7AD /* FootballAPIClient.swift in Sources */ = {isa = PBXBuildFile; fileRef = 670827E12CEA18CE008EA7AD /* FootballAPIClient.swift */; };
		670827E92CEA1B61008EA7AD /* Fixture.swift in Sources */ = {isa = PBXBuildFile; fileRef = 670827E82CEA1B60008EA7AD /* Fixture.swift */; };
		670827EB2CEA1B6A008EA7AD /* FixtureDetail.swift in Sources */ = {isa = PBXBuildFile; fileRef = 670827EA2CEA1B69008EA7AD /* FixtureDetail.swift */; };
		670827EE2CEA1B79008EA7AD /* League.swift in Sources */ = {isa = PBXBuildFile; fileRef = 670827ED2CEA1B78008EA7AD /* League.swift */; };
		670827F02CEA1B93008EA7AD /* LeagueType.swift in Sources */ = {isa = PBXBuildFile; fileRef = 670827EF2CEA1B92008EA7AD /* LeagueType.swift */; };
		670827F32CEA1BA2008EA7AD /* PlayerStat.swift in Sources */ = {isa = PBXBuildFile; fileRef = 670827F22CEA1BA2008EA7AD /* PlayerStat.swift */; };
		670827F52CEA1BAD008EA7AD /* Standings.swift in Sources */ = {isa = PBXBuildFile; fileRef = 670827F42CEA1BAC008EA7AD /* Standings.swift */; };
		670827F72CEA1BB9008EA7AD /* Team.swift in Sources */ = {isa = PBXBuildFile; fileRef = 670827F62CEA1BB8008EA7AD /* Team.swift */; };
		670827F92CEA1BC5008EA7AD /* ClubTheme.swift in Sources */ = {isa = PBXBuildFile; fileRef = 670827F82CEA1BC1008EA7AD /* ClubTheme.swift */; };
		670827FC2CEA1BEE008EA7AD /* Color+Extension.swift in Sources */ = {isa = PBXBuildFile; fileRef = 670827FB2CEA1BED008EA7AD /* Color+Extension.swift */; };
		670827FE2CEA1BF8008EA7AD /* String+Extension.swift in Sources */ = {isa = PBXBuildFile; fileRef = 670827FD2CEA1BF7008EA7AD /* String+Extension.swift */; };
		670828152CEA1EF5008EA7AD /* foorball_api_fixtures_2023_140.json in Resources */ = {isa = PBXBuildFile; fileRef = 670828102CEA1EF5008EA7AD /* foorball_api_fixtures_2023_140.json */; };
		670828162CEA1EF5008EA7AD /* foorball_api_topassists_2023_140.json in Resources */ = {isa = PBXBuildFile; fileRef = 670828112CEA1EF5008EA7AD /* foorball_api_topassists_2023_140.json */; };
		670828172CEA1EF5008EA7AD /* foorball_api_fixtures_2023_135.json in Resources */ = {isa = PBXBuildFile; fileRef = 670828042CEA1EF5008EA7AD /* foorball_api_fixtures_2023_135.json */; };
		670828182CEA1EF5008EA7AD /* football_api_standings_2023_135.json in Resources */ = {isa = PBXBuildFile; fileRef = 670828072CEA1EF5008EA7AD /* football_api_standings_2023_135.json */; };
		670828192CEA1EF5008EA7AD /* football_api_statistics_2024_98_282.json in Resources */ = {isa = PBXBuildFile; fileRef = 6708280D2CEA1EF5008EA7AD /* football_api_statistics_2024_98_282.json */; };
		6708281A2CEA1EF5008EA7AD /* football_api_standings_2023_140.json in Resources */ = {isa = PBXBuildFile; fileRef = 670828132CEA1EF5008EA7AD /* football_api_standings_2023_140.json */; };
		6708281B2CEA1EF5008EA7AD /* football_api_standings_2023_39.json in Resources */ = {isa = PBXBuildFile; fileRef = 670828022CEA1EF5008EA7AD /* football_api_standings_2023_39.json */; };
		6708281C2CEA1EF5008EA7AD /* foorball_api_fixtures_2024_98.json in Resources */ = {isa = PBXBuildFile; fileRef = 670828092CEA1EF5008EA7AD /* foorball_api_fixtures_2024_98.json */; };
		6708281D2CEA1EF5008EA7AD /* football_api_standings_2024_98.json in Resources */ = {isa = PBXBuildFile; fileRef = 6708280C2CEA1EF5008EA7AD /* football_api_standings_2024_98.json */; };
		6708281E2CEA1EF5008EA7AD /* foorball_api_fixtures_2023_39.json in Resources */ = {isa = PBXBuildFile; fileRef = 670827FF2CEA1EF5008EA7AD /* foorball_api_fixtures_2023_39.json */; };
		6708281F2CEA1EF5008EA7AD /* foorball_api_topscorer_2023_135.json in Resources */ = {isa = PBXBuildFile; fileRef = 670828062CEA1EF5008EA7AD /* foorball_api_topscorer_2023_135.json */; };
		670828202CEA1EF5008EA7AD /* foorball_api_topassists_2023_135.json in Resources */ = {isa = PBXBuildFile; fileRef = 670828052CEA1EF5008EA7AD /* foorball_api_topassists_2023_135.json */; };
		670828212CEA1EF5008EA7AD /* foorball_api_topassists_2023_39.json in Resources */ = {isa = PBXBuildFile; fileRef = 670828002CEA1EF5008EA7AD /* foorball_api_topassists_2023_39.json */; };
		670828222CEA1EF5008EA7AD /* foorball_api_topscorer_2024_98.json in Resources */ = {isa = PBXBuildFile; fileRef = 6708280B2CEA1EF5008EA7AD /* foorball_api_topscorer_2024_98.json */; };
		670828232CEA1EF5008EA7AD /* foorball_api_topscorer_2023_39.json in Resources */ = {isa = PBXBuildFile; fileRef = 670828012CEA1EF5008EA7AD /* foorball_api_topscorer_2023_39.json */; };
		670828242CEA1EF5008EA7AD /* foorball_api_topassists_2024_98.json in Resources */ = {isa = PBXBuildFile; fileRef = 6708280A2CEA1EF5008EA7AD /* foorball_api_topassists_2024_98.json */; };
		670828252CEA1EF5008EA7AD /* football_api_statistics_2024_98_287.json in Resources */ = {isa = PBXBuildFile; fileRef = 6708280E2CEA1EF5008EA7AD /* football_api_statistics_2024_98_287.json */; };
		670828262CEA1EF5008EA7AD /* foorball_api_topscorer_2023_140.json in Resources */ = {isa = PBXBuildFile; fileRef = 670828122CEA1EF5008EA7AD /* foorball_api_topscorer_2023_140.json */; };
		670828282CEA1F69008EA7AD /* FootballAPIKey.swift in Sources */ = {isa = PBXBuildFile; fileRef = 670828272CEA1F63008EA7AD /* FootballAPIKey.swift */; };
		6708282A2CEA289D008EA7AD /* FootballTopView.swift in Sources */ = {isa = PBXBuildFile; fileRef = 670828292CEA2894008EA7AD /* FootballTopView.swift */; };
		6708282C2CEA2DA8008EA7AD /* PickersView.swift in Sources */ = {isa = PBXBuildFile; fileRef = 6708282B2CEA2DA5008EA7AD /* PickersView.swift */; };
		6708282E2CEA35AD008EA7AD /* StandingView.swift in Sources */ = {isa = PBXBuildFile; fileRef = 6708282D2CEA35A8008EA7AD /* StandingView.swift */; };
		670828362CEA3608008EA7AD /* StandingCell.swift in Sources */ = {isa = PBXBuildFile; fileRef = 670828352CEA3605008EA7AD /* StandingCell.swift */; };
		670828382CEA3C92008EA7AD /* FixturesView.swift in Sources */ = {isa = PBXBuildFile; fileRef = 670828372CEA3C8E008EA7AD /* FixturesView.swift */; };
		6708283A2CEA3C9A008EA7AD /* FixturesCell.swift in Sources */ = {isa = PBXBuildFile; fileRef = 670828392CEA3C96008EA7AD /* FixturesCell.swift */; };
		6708283C2CEA3CA2008EA7AD /* FixtureDetailView.swift in Sources */ = {isa = PBXBuildFile; fileRef = 6708283B2CEA3C9E008EA7AD /* FixtureDetailView.swift */; };
		6708283E2CEA3CBC008EA7AD /* FixtureStatsView.swift in Sources */ = {isa = PBXBuildFile; fileRef = 6708283D2CEA3CAE008EA7AD /* FixtureStatsView.swift */; };
		670828402CEA4FB6008EA7AD /* PlayerStatsContainerView.swift in Sources */ = {isa = PBXBuildFile; fileRef = 6708283F2CEA4FAD008EA7AD /* PlayerStatsContainerView.swift */; };
		670828422CEA4FBC008EA7AD /* PlayerStatsView.swift in Sources */ = {isa = PBXBuildFile; fileRef = 670828412CEA4FB9008EA7AD /* PlayerStatsView.swift */; };
		670828442CEA4FC9008EA7AD /* PlayerStatCell.swift in Sources */ = {isa = PBXBuildFile; fileRef = 670828432CEA4FC1008EA7AD /* PlayerStatCell.swift */; };
		670828482CED0BAA008EA7AD /* SNSSigninView.swift in Sources */ = {isa = PBXBuildFile; fileRef = 670828472CED0B74008EA7AD /* SNSSigninView.swift */; };
		6708284A2CED0BD5008EA7AD /* SNSRegisterView.swift in Sources */ = {isa = PBXBuildFile; fileRef = 670828492CED0BD2008EA7AD /* SNSRegisterView.swift */; };
		670992202BA09F8D004F11F6 /* WidgetKit.framework in Frameworks */ = {isa = PBXBuildFile; fileRef = 6709921F2BA09F8D004F11F6 /* WidgetKit.framework */; };
		670992222BA09F8D004F11F6 /* SwiftUI.framework in Frameworks */ = {isa = PBXBuildFile; fileRef = 670992212BA09F8D004F11F6 /* SwiftUI.framework */; };
		670992252BA09F8D004F11F6 /* SampleLiveActivityBundle.swift in Sources */ = {isa = PBXBuildFile; fileRef = 670992242BA09F8D004F11F6 /* SampleLiveActivityBundle.swift */; };
		670992272BA09F8D004F11F6 /* DefaultLiveActivity.swift in Sources */ = {isa = PBXBuildFile; fileRef = 670992262BA09F8D004F11F6 /* DefaultLiveActivity.swift */; };
		670992292BA09F8D004F11F6 /* DefaultLiveActivityWidget.swift in Sources */ = {isa = PBXBuildFile; fileRef = 670992282BA09F8D004F11F6 /* DefaultLiveActivityWidget.swift */; };
		6709922B2BA09F8D004F11F6 /* AppIntent.swift in Sources */ = {isa = PBXBuildFile; fileRef = 6709922A2BA09F8D004F11F6 /* AppIntent.swift */; };
		6709922D2BA09F8F004F11F6 /* Assets.xcassets in Resources */ = {isa = PBXBuildFile; fileRef = 6709922C2BA09F8F004F11F6 /* Assets.xcassets */; };
		670992312BA09F8F004F11F6 /* SampleLiveActivityExtension.appex in Embed Foundation Extensions */ = {isa = PBXBuildFile; fileRef = 6709921D2BA09F8D004F11F6 /* SampleLiveActivityExtension.appex */; settings = {ATTRIBUTES = (RemoveHeadersOnCopy, ); }; };
		670992372BA0A013004F11F6 /* DeliveryAttributes.swift in Sources */ = {isa = PBXBuildFile; fileRef = 670992362BA0A013004F11F6 /* DeliveryAttributes.swift */; };
		670992382BA0A0D8004F11F6 /* DeliveryAttributes.swift in Sources */ = {isa = PBXBuildFile; fileRef = 670992362BA0A013004F11F6 /* DeliveryAttributes.swift */; };
		6709923A2BA0BC02004F11F6 /* LiveActivity.swift in Sources */ = {isa = PBXBuildFile; fileRef = 670992392BA0BC02004F11F6 /* LiveActivity.swift */; };
		6709923E2BA0CB34004F11F6 /* SampleLiveActivityAttributes.swift in Sources */ = {isa = PBXBuildFile; fileRef = 6709923D2BA0CB34004F11F6 /* SampleLiveActivityAttributes.swift */; };
		670992422BA0DA75004F11F6 /* DelivaryLiveActivity.swift in Sources */ = {isa = PBXBuildFile; fileRef = 670992412BA0DA75004F11F6 /* DelivaryLiveActivity.swift */; };
		670992442BA0DAFE004F11F6 /* DelivaryLiveActivity.swift in Sources */ = {isa = PBXBuildFile; fileRef = 670992412BA0DA75004F11F6 /* DelivaryLiveActivity.swift */; };
		670992452BA0DB07004F11F6 /* SampleLiveActivityAttributes.swift in Sources */ = {isa = PBXBuildFile; fileRef = 6709923D2BA0CB34004F11F6 /* SampleLiveActivityAttributes.swift */; };
		670992472BA0DC59004F11F6 /* SampleLiveActivity.swift in Sources */ = {isa = PBXBuildFile; fileRef = 670992462BA0DC59004F11F6 /* SampleLiveActivity.swift */; };
		67404E282BF10A80004AA9EB /* GoogleBooksClient.swift in Sources */ = {isa = PBXBuildFile; fileRef = 67404E272BF10A80004AA9EB /* GoogleBooksClient.swift */; };
		67404E2A2BF10AF6004AA9EB /* SearchBookList.swift in Sources */ = {isa = PBXBuildFile; fileRef = 67404E292BF10AF6004AA9EB /* SearchBookList.swift */; };
		67404E2C2BF10C9E004AA9EB /* Book.swift in Sources */ = {isa = PBXBuildFile; fileRef = 67404E2B2BF10C9E004AA9EB /* Book.swift */; };
		67404E302BF11783004AA9EB /* SearchBookListRow.swift in Sources */ = {isa = PBXBuildFile; fileRef = 67404E2F2BF11783004AA9EB /* SearchBookListRow.swift */; };
		67404E342BF3FD34004AA9EB /* ImageList.swift in Sources */ = {isa = PBXBuildFile; fileRef = 67404E332BF3FD34004AA9EB /* ImageList.swift */; };
		67404E362BF3FD44004AA9EB /* ImageItem.swift in Sources */ = {isa = PBXBuildFile; fileRef = 67404E352BF3FD44004AA9EB /* ImageItem.swift */; };
		67404E382BF413DC004AA9EB /* ImageGrid.swift in Sources */ = {isa = PBXBuildFile; fileRef = 67404E372BF413DC004AA9EB /* ImageGrid.swift */; };
		67404E3A2BF41804004AA9EB /* ImagePaging.swift in Sources */ = {isa = PBXBuildFile; fileRef = 67404E392BF41804004AA9EB /* ImagePaging.swift */; };
		67404E3E2BF6A0EC004AA9EB /* ImagePaging2.swift in Sources */ = {isa = PBXBuildFile; fileRef = 67404E3D2BF6A0EC004AA9EB /* ImagePaging2.swift */; };
		67404E402BF7AA95004AA9EB /* ReviewForm.swift in Sources */ = {isa = PBXBuildFile; fileRef = 67404E3F2BF7AA94004AA9EB /* ReviewForm.swift */; };
		67404E482BF88DA1004AA9EB /* SwiftUI-and-StateManagement.swift in Sources */ = {isa = PBXBuildFile; fileRef = 67404E472BF88DA1004AA9EB /* SwiftUI-and-StateManagement.swift */; };
		67668F9D2BA2289700595591 /* SampleLiveActivity.swift in Sources */ = {isa = PBXBuildFile; fileRef = 670992462BA0DC59004F11F6 /* SampleLiveActivity.swift */; };
		67668FA12BB3013600595591 /* AsyncImageRenderer.swift in Sources */ = {isa = PBXBuildFile; fileRef = 67668FA02BB3013600595591 /* AsyncImageRenderer.swift */; };
		67668FA62BB3036800595591 /* CatClient.swift in Sources */ = {isa = PBXBuildFile; fileRef = 67668FA52BB3036800595591 /* CatClient.swift */; };
		67668FA92BB3037F00595591 /* CatItem.swift in Sources */ = {isa = PBXBuildFile; fileRef = 67668FA82BB3037F00595591 /* CatItem.swift */; };
		67668FAB2BB3055B00595591 /* APIError.swift in Sources */ = {isa = PBXBuildFile; fileRef = 67668FAA2BB3055B00595591 /* APIError.swift */; };
		677DB43D2CF2DFD700532143 /* SNSTimelineItem.swift in Sources */ = {isa = PBXBuildFile; fileRef = 677DB43C2CF2DFD200532143 /* SNSTimelineItem.swift */; };
		677DB43F2CF2EE1600532143 /* Date+Extension.swift in Sources */ = {isa = PBXBuildFile; fileRef = 677DB43E2CF2EE1100532143 /* Date+Extension.swift */; };
		677DB4412CF2EF9600532143 /* SNSTimelineItemCell.swift in Sources */ = {isa = PBXBuildFile; fileRef = 677DB4402CF2EF9100532143 /* SNSTimelineItemCell.swift */; };
		678E3DD62B9F872100BFE91F /* ComposableArchitecture in Frameworks */ = {isa = PBXBuildFile; productRef = 678E3DD52B9F872100BFE91F /* ComposableArchitecture */; };
		678E3DD92B9F878800BFE91F /* Kingfisher in Frameworks */ = {isa = PBXBuildFile; productRef = 678E3DD82B9F878800BFE91F /* Kingfisher */; };
		678E3DDD2B9F9FCE00BFE91F /* FeatureList.swift in Sources */ = {isa = PBXBuildFile; fileRef = 678E3DDC2B9F9FCE00BFE91F /* FeatureList.swift */; };
		678E3DE12B9FA4EB00BFE91F /* ImageRenderer.swift in Sources */ = {isa = PBXBuildFile; fileRef = 678E3DE02B9FA4EB00BFE91F /* ImageRenderer.swift */; };
		67B77CE52CEE555900721C8B /* SNSHomeView.swift in Sources */ = {isa = PBXBuildFile; fileRef = 67B77CE42CEE555000721C8B /* SNSHomeView.swift */; };
		67B77CE82CEE591300721C8B /* FirebaseAnalytics in Frameworks */ = {isa = PBXBuildFile; productRef = 67B77CE72CEE591300721C8B /* FirebaseAnalytics */; };
		67B77CEA2CEE591300721C8B /* FirebaseAppCheck in Frameworks */ = {isa = PBXBuildFile; productRef = 67B77CE92CEE591300721C8B /* FirebaseAppCheck */; };
		67B77CEC2CEE591300721C8B /* FirebaseAuth in Frameworks */ = {isa = PBXBuildFile; productRef = 67B77CEB2CEE591300721C8B /* FirebaseAuth */; };
		67B77CEE2CEE591300721C8B /* FirebaseCore in Frameworks */ = {isa = PBXBuildFile; productRef = 67B77CED2CEE591300721C8B /* FirebaseCore */; };
		67B77CF02CEE591300721C8B /* FirebaseCrashlytics in Frameworks */ = {isa = PBXBuildFile; productRef = 67B77CEF2CEE591300721C8B /* FirebaseCrashlytics */; };
		67B77CF22CEE591300721C8B /* FirebaseDatabase in Frameworks */ = {isa = PBXBuildFile; productRef = 67B77CF12CEE591300721C8B /* FirebaseDatabase */; };
		67B77CF42CEE591300721C8B /* FirebaseFirestore in Frameworks */ = {isa = PBXBuildFile; productRef = 67B77CF32CEE591300721C8B /* FirebaseFirestore */; };
		67B77CF62CEE591300721C8B /* FirebaseFunctions in Frameworks */ = {isa = PBXBuildFile; productRef = 67B77CF52CEE591300721C8B /* FirebaseFunctions */; };
		67B77CF82CEE591300721C8B /* FirebaseInAppMessaging-Beta in Frameworks */ = {isa = PBXBuildFile; productRef = 67B77CF72CEE591300721C8B /* FirebaseInAppMessaging-Beta */; };
		67B77CFA2CEE591300721C8B /* FirebaseMessaging in Frameworks */ = {isa = PBXBuildFile; productRef = 67B77CF92CEE591300721C8B /* FirebaseMessaging */; };
		67B77CFC2CEE591300721C8B /* FirebaseRemoteConfig in Frameworks */ = {isa = PBXBuildFile; productRef = 67B77CFB2CEE591300721C8B /* FirebaseRemoteConfig */; };
		67B77CFE2CEE591300721C8B /* FirebaseStorage in Frameworks */ = {isa = PBXBuildFile; productRef = 67B77CFD2CEE591300721C8B /* FirebaseStorage */; };
		67B77D012CEE5A0D00721C8B /* GoogleSignIn in Frameworks */ = {isa = PBXBuildFile; productRef = 67B77D002CEE5A0D00721C8B /* GoogleSignIn */; };
		67B77D032CEE5A0D00721C8B /* GoogleSignInSwift in Frameworks */ = {isa = PBXBuildFile; productRef = 67B77D022CEE5A0D00721C8B /* GoogleSignInSwift */; };
		67B77D052CEE5A9100721C8B /* GoogleService-Info.plist in Resources */ = {isa = PBXBuildFile; fileRef = 67B77D042CEE5A9100721C8B /* GoogleService-Info.plist */; };
		67B77D082CEE61B800721C8B /* SNSSigninViewModel.swift in Sources */ = {isa = PBXBuildFile; fileRef = 67B77D072CEE61B700721C8B /* SNSSigninViewModel.swift */; };
		67B77D0A2CEE61E100721C8B /* SNSRegisterViewModel.swift in Sources */ = {isa = PBXBuildFile; fileRef = 67B77D092CEE61E000721C8B /* SNSRegisterViewModel.swift */; };
		67B77D0E2CF0BF4400721C8B /* AccountCreateViewModel.swift in Sources */ = {isa = PBXBuildFile; fileRef = 67B77D0D2CF0BF3E00721C8B /* AccountCreateViewModel.swift */; };
		67B77D102CF0BF5000721C8B /* AccountCreateView.swift in Sources */ = {isa = PBXBuildFile; fileRef = 67B77D0F2CF0BF4B00721C8B /* AccountCreateView.swift */; };
		67B77D162CF0E8B500721C8B /* SNSHomeViewModel.swift in Sources */ = {isa = PBXBuildFile; fileRef = 67B77D152CF0E8B500721C8B /* SNSHomeViewModel.swift */; };
		67B77D182CF24D2F00721C8B /* SNSLoadingView.swift in Sources */ = {isa = PBXBuildFile; fileRef = 67B77D172CF24D2500721C8B /* SNSLoadingView.swift */; };
		67B77D1A2CF257A000721C8B /* SNSPostView.swift in Sources */ = {isa = PBXBuildFile; fileRef = 67B77D192CF2579A00721C8B /* SNSPostView.swift */; };
		67B77D1D2CF2597B00721C8B /* PhotosPickerItem+Extension.swift in Sources */ = {isa = PBXBuildFile; fileRef = 67B77D1C2CF2597700721C8B /* PhotosPickerItem+Extension.swift */; };
		67B77D202CF2727900721C8B /* SNSUser.swift in Sources */ = {isa = PBXBuildFile; fileRef = 67B77D1F2CF2727700721C8B /* SNSUser.swift */; };
		67B77D222CF2728000721C8B /* SNSPost.swift in Sources */ = {isa = PBXBuildFile; fileRef = 67B77D212CF2727C00721C8B /* SNSPost.swift */; };
		67B77D242CF2882100721C8B /* SNSPostViewModel.swift in Sources */ = {isa = PBXBuildFile; fileRef = 67B77D232CF2882100721C8B /* SNSPostViewModel.swift */; };
		67B77D262CF28CF600721C8B /* SNSTimelineView.swift in Sources */ = {isa = PBXBuildFile; fileRef = 67B77D252CF28CF100721C8B /* SNSTimelineView.swift */; };
		67D47A322C18D62C000604B8 /* NavigationTransition.swift in Sources */ = {isa = PBXBuildFile; fileRef = 67D47A312C18D62C000604B8 /* NavigationTransition.swift */; };
/* End PBXBuildFile section */

/* Begin PBXContainerItemProxy section */
		67037A812B9F7E56007C183D /* PBXContainerItemProxy */ = {
			isa = PBXContainerItemProxy;
			containerPortal = 67037A682B9F7E55007C183D /* Project object */;
			proxyType = 1;
			remoteGlobalIDString = 67037A6F2B9F7E55007C183D;
			remoteInfo = SwiftSamples;
		};
		67037A8B2B9F7E56007C183D /* PBXContainerItemProxy */ = {
			isa = PBXContainerItemProxy;
			containerPortal = 67037A682B9F7E55007C183D /* Project object */;
			proxyType = 1;
			remoteGlobalIDString = 67037A6F2B9F7E55007C183D;
			remoteInfo = SwiftSamples;
		};
		6709922F2BA09F8F004F11F6 /* PBXContainerItemProxy */ = {
			isa = PBXContainerItemProxy;
			containerPortal = 67037A682B9F7E55007C183D /* Project object */;
			proxyType = 1;
			remoteGlobalIDString = 6709921C2BA09F8D004F11F6;
			remoteInfo = SampleLiveActivityExtension;
		};
/* End PBXContainerItemProxy section */

/* Begin PBXCopyFilesBuildPhase section */
		670992322BA09F8F004F11F6 /* Embed Foundation Extensions */ = {
			isa = PBXCopyFilesBuildPhase;
			buildActionMask = 2147483647;
			dstPath = "";
			dstSubfolderSpec = 13;
			files = (
				670992312BA09F8F004F11F6 /* SampleLiveActivityExtension.appex in Embed Foundation Extensions */,
			);
			name = "Embed Foundation Extensions";
			runOnlyForDeploymentPostprocessing = 0;
		};
/* End PBXCopyFilesBuildPhase section */

/* Begin PBXFileReference section */
		67037A702B9F7E55007C183D /* SwiftSamples.app */ = {isa = PBXFileReference; explicitFileType = wrapper.application; includeInIndex = 0; path = SwiftSamples.app; sourceTree = BUILT_PRODUCTS_DIR; };
		67037A732B9F7E55007C183D /* SwiftSamplesApp.swift */ = {isa = PBXFileReference; lastKnownFileType = sourcecode.swift; path = SwiftSamplesApp.swift; sourceTree = "<group>"; };
		67037A752B9F7E55007C183D /* ContentView.swift */ = {isa = PBXFileReference; lastKnownFileType = sourcecode.swift; path = ContentView.swift; sourceTree = "<group>"; };
		67037A772B9F7E56007C183D /* Assets.xcassets */ = {isa = PBXFileReference; lastKnownFileType = folder.assetcatalog; path = Assets.xcassets; sourceTree = "<group>"; };
		67037A7A2B9F7E56007C183D /* Preview Assets.xcassets */ = {isa = PBXFileReference; lastKnownFileType = folder.assetcatalog; path = "Preview Assets.xcassets"; sourceTree = "<group>"; };
		67037A802B9F7E56007C183D /* SwiftSamplesTests.xctest */ = {isa = PBXFileReference; explicitFileType = wrapper.cfbundle; includeInIndex = 0; path = SwiftSamplesTests.xctest; sourceTree = BUILT_PRODUCTS_DIR; };
		67037A842B9F7E56007C183D /* SwiftSamplesTests.swift */ = {isa = PBXFileReference; lastKnownFileType = sourcecode.swift; path = SwiftSamplesTests.swift; sourceTree = "<group>"; };
		67037A8A2B9F7E56007C183D /* SwiftSamplesUITests.xctest */ = {isa = PBXFileReference; explicitFileType = wrapper.cfbundle; includeInIndex = 0; path = SwiftSamplesUITests.xctest; sourceTree = BUILT_PRODUCTS_DIR; };
		67037A8E2B9F7E56007C183D /* SwiftSamplesUITests.swift */ = {isa = PBXFileReference; lastKnownFileType = sourcecode.swift; path = SwiftSamplesUITests.swift; sourceTree = "<group>"; };
		67037A902B9F7E56007C183D /* SwiftSamplesUITestsLaunchTests.swift */ = {isa = PBXFileReference; lastKnownFileType = sourcecode.swift; path = SwiftSamplesUITestsLaunchTests.swift; sourceTree = "<group>"; };
		670827DF2CE9F749008EA7AD /* FeatureFlag.swift */ = {isa = PBXFileReference; lastKnownFileType = sourcecode.swift; path = FeatureFlag.swift; sourceTree = "<group>"; };
		670827E12CEA18CE008EA7AD /* FootballAPIClient.swift */ = {isa = PBXFileReference; lastKnownFileType = sourcecode.swift; path = FootballAPIClient.swift; sourceTree = "<group>"; };
		670827E82CEA1B60008EA7AD /* Fixture.swift */ = {isa = PBXFileReference; lastKnownFileType = sourcecode.swift; path = Fixture.swift; sourceTree = "<group>"; };
		670827EA2CEA1B69008EA7AD /* FixtureDetail.swift */ = {isa = PBXFileReference; lastKnownFileType = sourcecode.swift; path = FixtureDetail.swift; sourceTree = "<group>"; };
		670827ED2CEA1B78008EA7AD /* League.swift */ = {isa = PBXFileReference; lastKnownFileType = sourcecode.swift; path = League.swift; sourceTree = "<group>"; };
		670827EF2CEA1B92008EA7AD /* LeagueType.swift */ = {isa = PBXFileReference; lastKnownFileType = sourcecode.swift; path = LeagueType.swift; sourceTree = "<group>"; };
		670827F22CEA1BA2008EA7AD /* PlayerStat.swift */ = {isa = PBXFileReference; lastKnownFileType = sourcecode.swift; path = PlayerStat.swift; sourceTree = "<group>"; };
		670827F42CEA1BAC008EA7AD /* Standings.swift */ = {isa = PBXFileReference; lastKnownFileType = sourcecode.swift; path = Standings.swift; sourceTree = "<group>"; };
		670827F62CEA1BB8008EA7AD /* Team.swift */ = {isa = PBXFileReference; lastKnownFileType = sourcecode.swift; path = Team.swift; sourceTree = "<group>"; };
		670827F82CEA1BC1008EA7AD /* ClubTheme.swift */ = {isa = PBXFileReference; lastKnownFileType = sourcecode.swift; path = ClubTheme.swift; sourceTree = "<group>"; };
		670827FB2CEA1BED008EA7AD /* Color+Extension.swift */ = {isa = PBXFileReference; lastKnownFileType = sourcecode.swift; path = "Color+Extension.swift"; sourceTree = "<group>"; };
		670827FD2CEA1BF7008EA7AD /* String+Extension.swift */ = {isa = PBXFileReference; lastKnownFileType = sourcecode.swift; path = "String+Extension.swift"; sourceTree = "<group>"; };
		670827FF2CEA1EF5008EA7AD /* foorball_api_fixtures_2023_39.json */ = {isa = PBXFileReference; lastKnownFileType = text.json; path = foorball_api_fixtures_2023_39.json; sourceTree = "<group>"; };
		670828002CEA1EF5008EA7AD /* foorball_api_topassists_2023_39.json */ = {isa = PBXFileReference; lastKnownFileType = text.json; path = foorball_api_topassists_2023_39.json; sourceTree = "<group>"; };
		670828012CEA1EF5008EA7AD /* foorball_api_topscorer_2023_39.json */ = {isa = PBXFileReference; lastKnownFileType = text.json; path = foorball_api_topscorer_2023_39.json; sourceTree = "<group>"; };
		670828022CEA1EF5008EA7AD /* football_api_standings_2023_39.json */ = {isa = PBXFileReference; lastKnownFileType = text.json; path = football_api_standings_2023_39.json; sourceTree = "<group>"; };
		670828042CEA1EF5008EA7AD /* foorball_api_fixtures_2023_135.json */ = {isa = PBXFileReference; lastKnownFileType = text.json; path = foorball_api_fixtures_2023_135.json; sourceTree = "<group>"; };
		670828052CEA1EF5008EA7AD /* foorball_api_topassists_2023_135.json */ = {isa = PBXFileReference; lastKnownFileType = text.json; path = foorball_api_topassists_2023_135.json; sourceTree = "<group>"; };
		670828062CEA1EF5008EA7AD /* foorball_api_topscorer_2023_135.json */ = {isa = PBXFileReference; lastKnownFileType = text.json; path = foorball_api_topscorer_2023_135.json; sourceTree = "<group>"; };
		670828072CEA1EF5008EA7AD /* football_api_standings_2023_135.json */ = {isa = PBXFileReference; lastKnownFileType = text.json; path = football_api_standings_2023_135.json; sourceTree = "<group>"; };
		670828092CEA1EF5008EA7AD /* foorball_api_fixtures_2024_98.json */ = {isa = PBXFileReference; lastKnownFileType = text.json; path = foorball_api_fixtures_2024_98.json; sourceTree = "<group>"; };
		6708280A2CEA1EF5008EA7AD /* foorball_api_topassists_2024_98.json */ = {isa = PBXFileReference; lastKnownFileType = text.json; path = foorball_api_topassists_2024_98.json; sourceTree = "<group>"; };
		6708280B2CEA1EF5008EA7AD /* foorball_api_topscorer_2024_98.json */ = {isa = PBXFileReference; lastKnownFileType = text.json; path = foorball_api_topscorer_2024_98.json; sourceTree = "<group>"; };
		6708280C2CEA1EF5008EA7AD /* football_api_standings_2024_98.json */ = {isa = PBXFileReference; lastKnownFileType = text.json; path = football_api_standings_2024_98.json; sourceTree = "<group>"; };
		6708280D2CEA1EF5008EA7AD /* football_api_statistics_2024_98_282.json */ = {isa = PBXFileReference; lastKnownFileType = text.json; path = football_api_statistics_2024_98_282.json; sourceTree = "<group>"; };
		6708280E2CEA1EF5008EA7AD /* football_api_statistics_2024_98_287.json */ = {isa = PBXFileReference; lastKnownFileType = text.json; path = football_api_statistics_2024_98_287.json; sourceTree = "<group>"; };
		670828102CEA1EF5008EA7AD /* foorball_api_fixtures_2023_140.json */ = {isa = PBXFileReference; lastKnownFileType = text.json; path = foorball_api_fixtures_2023_140.json; sourceTree = "<group>"; };
		670828112CEA1EF5008EA7AD /* foorball_api_topassists_2023_140.json */ = {isa = PBXFileReference; lastKnownFileType = text.json; path = foorball_api_topassists_2023_140.json; sourceTree = "<group>"; };
		670828122CEA1EF5008EA7AD /* foorball_api_topscorer_2023_140.json */ = {isa = PBXFileReference; lastKnownFileType = text.json; path = foorball_api_topscorer_2023_140.json; sourceTree = "<group>"; };
		670828132CEA1EF5008EA7AD /* football_api_standings_2023_140.json */ = {isa = PBXFileReference; lastKnownFileType = text.json; path = football_api_standings_2023_140.json; sourceTree = "<group>"; };
		670828272CEA1F63008EA7AD /* FootballAPIKey.swift */ = {isa = PBXFileReference; lastKnownFileType = sourcecode.swift; path = FootballAPIKey.swift; sourceTree = "<group>"; };
		670828292CEA2894008EA7AD /* FootballTopView.swift */ = {isa = PBXFileReference; lastKnownFileType = sourcecode.swift; path = FootballTopView.swift; sourceTree = "<group>"; };
		6708282B2CEA2DA5008EA7AD /* PickersView.swift */ = {isa = PBXFileReference; lastKnownFileType = sourcecode.swift; path = PickersView.swift; sourceTree = "<group>"; };
		6708282D2CEA35A8008EA7AD /* StandingView.swift */ = {isa = PBXFileReference; lastKnownFileType = sourcecode.swift; path = StandingView.swift; sourceTree = "<group>"; };
		670828352CEA3605008EA7AD /* StandingCell.swift */ = {isa = PBXFileReference; lastKnownFileType = sourcecode.swift; path = StandingCell.swift; sourceTree = "<group>"; };
		670828372CEA3C8E008EA7AD /* FixturesView.swift */ = {isa = PBXFileReference; lastKnownFileType = sourcecode.swift; path = FixturesView.swift; sourceTree = "<group>"; };
		670828392CEA3C96008EA7AD /* FixturesCell.swift */ = {isa = PBXFileReference; lastKnownFileType = sourcecode.swift; path = FixturesCell.swift; sourceTree = "<group>"; };
		6708283B2CEA3C9E008EA7AD /* FixtureDetailView.swift */ = {isa = PBXFileReference; lastKnownFileType = sourcecode.swift; path = FixtureDetailView.swift; sourceTree = "<group>"; };
		6708283D2CEA3CAE008EA7AD /* FixtureStatsView.swift */ = {isa = PBXFileReference; lastKnownFileType = sourcecode.swift; path = FixtureStatsView.swift; sourceTree = "<group>"; };
		6708283F2CEA4FAD008EA7AD /* PlayerStatsContainerView.swift */ = {isa = PBXFileReference; lastKnownFileType = sourcecode.swift; path = PlayerStatsContainerView.swift; sourceTree = "<group>"; };
		670828412CEA4FB9008EA7AD /* PlayerStatsView.swift */ = {isa = PBXFileReference; lastKnownFileType = sourcecode.swift; path = PlayerStatsView.swift; sourceTree = "<group>"; };
		670828432CEA4FC1008EA7AD /* PlayerStatCell.swift */ = {isa = PBXFileReference; lastKnownFileType = sourcecode.swift; path = PlayerStatCell.swift; sourceTree = "<group>"; };
		670828472CED0B74008EA7AD /* SNSSigninView.swift */ = {isa = PBXFileReference; lastKnownFileType = sourcecode.swift; path = SNSSigninView.swift; sourceTree = "<group>"; };
		670828492CED0BD2008EA7AD /* SNSRegisterView.swift */ = {isa = PBXFileReference; lastKnownFileType = sourcecode.swift; path = SNSRegisterView.swift; sourceTree = "<group>"; };
		6709921D2BA09F8D004F11F6 /* SampleLiveActivityExtension.appex */ = {isa = PBXFileReference; explicitFileType = "wrapper.app-extension"; includeInIndex = 0; path = SampleLiveActivityExtension.appex; sourceTree = BUILT_PRODUCTS_DIR; };
		6709921F2BA09F8D004F11F6 /* WidgetKit.framework */ = {isa = PBXFileReference; lastKnownFileType = wrapper.framework; name = WidgetKit.framework; path = System/Library/Frameworks/WidgetKit.framework; sourceTree = SDKROOT; };
		670992212BA09F8D004F11F6 /* SwiftUI.framework */ = {isa = PBXFileReference; lastKnownFileType = wrapper.framework; name = SwiftUI.framework; path = System/Library/Frameworks/SwiftUI.framework; sourceTree = SDKROOT; };
		670992242BA09F8D004F11F6 /* SampleLiveActivityBundle.swift */ = {isa = PBXFileReference; lastKnownFileType = sourcecode.swift; path = SampleLiveActivityBundle.swift; sourceTree = "<group>"; };
		670992262BA09F8D004F11F6 /* DefaultLiveActivity.swift */ = {isa = PBXFileReference; lastKnownFileType = sourcecode.swift; path = DefaultLiveActivity.swift; sourceTree = "<group>"; };
		670992282BA09F8D004F11F6 /* DefaultLiveActivityWidget.swift */ = {isa = PBXFileReference; lastKnownFileType = sourcecode.swift; path = DefaultLiveActivityWidget.swift; sourceTree = "<group>"; };
		6709922A2BA09F8D004F11F6 /* AppIntent.swift */ = {isa = PBXFileReference; lastKnownFileType = sourcecode.swift; path = AppIntent.swift; sourceTree = "<group>"; };
		6709922C2BA09F8F004F11F6 /* Assets.xcassets */ = {isa = PBXFileReference; lastKnownFileType = folder.assetcatalog; path = Assets.xcassets; sourceTree = "<group>"; };
		6709922E2BA09F8F004F11F6 /* Info.plist */ = {isa = PBXFileReference; lastKnownFileType = text.plist.xml; path = Info.plist; sourceTree = "<group>"; };
		670992362BA0A013004F11F6 /* DeliveryAttributes.swift */ = {isa = PBXFileReference; lastKnownFileType = sourcecode.swift; path = DeliveryAttributes.swift; sourceTree = "<group>"; };
		670992392BA0BC02004F11F6 /* LiveActivity.swift */ = {isa = PBXFileReference; lastKnownFileType = sourcecode.swift; path = LiveActivity.swift; sourceTree = "<group>"; };
		6709923D2BA0CB34004F11F6 /* SampleLiveActivityAttributes.swift */ = {isa = PBXFileReference; lastKnownFileType = sourcecode.swift; path = SampleLiveActivityAttributes.swift; sourceTree = "<group>"; };
		670992412BA0DA75004F11F6 /* DelivaryLiveActivity.swift */ = {isa = PBXFileReference; lastKnownFileType = sourcecode.swift; path = DelivaryLiveActivity.swift; sourceTree = "<group>"; };
		670992462BA0DC59004F11F6 /* SampleLiveActivity.swift */ = {isa = PBXFileReference; lastKnownFileType = sourcecode.swift; path = SampleLiveActivity.swift; sourceTree = "<group>"; };
		67404E272BF10A80004AA9EB /* GoogleBooksClient.swift */ = {isa = PBXFileReference; lastKnownFileType = sourcecode.swift; path = GoogleBooksClient.swift; sourceTree = "<group>"; };
		67404E292BF10AF6004AA9EB /* SearchBookList.swift */ = {isa = PBXFileReference; lastKnownFileType = sourcecode.swift; path = SearchBookList.swift; sourceTree = "<group>"; };
		67404E2B2BF10C9E004AA9EB /* Book.swift */ = {isa = PBXFileReference; lastKnownFileType = sourcecode.swift; path = Book.swift; sourceTree = "<group>"; };
		67404E2F2BF11783004AA9EB /* SearchBookListRow.swift */ = {isa = PBXFileReference; lastKnownFileType = sourcecode.swift; path = SearchBookListRow.swift; sourceTree = "<group>"; };
		67404E332BF3FD34004AA9EB /* ImageList.swift */ = {isa = PBXFileReference; lastKnownFileType = sourcecode.swift; path = ImageList.swift; sourceTree = "<group>"; };
		67404E352BF3FD44004AA9EB /* ImageItem.swift */ = {isa = PBXFileReference; lastKnownFileType = sourcecode.swift; path = ImageItem.swift; sourceTree = "<group>"; };
		67404E372BF413DC004AA9EB /* ImageGrid.swift */ = {isa = PBXFileReference; lastKnownFileType = sourcecode.swift; path = ImageGrid.swift; sourceTree = "<group>"; };
		67404E392BF41804004AA9EB /* ImagePaging.swift */ = {isa = PBXFileReference; lastKnownFileType = sourcecode.swift; path = ImagePaging.swift; sourceTree = "<group>"; };
		67404E3D2BF6A0EC004AA9EB /* ImagePaging2.swift */ = {isa = PBXFileReference; lastKnownFileType = sourcecode.swift; path = ImagePaging2.swift; sourceTree = "<group>"; };
		67404E3F2BF7AA94004AA9EB /* ReviewForm.swift */ = {isa = PBXFileReference; lastKnownFileType = sourcecode.swift; path = ReviewForm.swift; sourceTree = "<group>"; };
		67404E472BF88DA1004AA9EB /* SwiftUI-and-StateManagement.swift */ = {isa = PBXFileReference; lastKnownFileType = sourcecode.swift; path = "SwiftUI-and-StateManagement.swift"; sourceTree = "<group>"; };
		67668FA02BB3013600595591 /* AsyncImageRenderer.swift */ = {isa = PBXFileReference; lastKnownFileType = sourcecode.swift; path = AsyncImageRenderer.swift; sourceTree = "<group>"; };
		67668FA52BB3036800595591 /* CatClient.swift */ = {isa = PBXFileReference; lastKnownFileType = sourcecode.swift; path = CatClient.swift; sourceTree = "<group>"; };
		67668FA82BB3037F00595591 /* CatItem.swift */ = {isa = PBXFileReference; lastKnownFileType = sourcecode.swift; path = CatItem.swift; sourceTree = "<group>"; };
		67668FAA2BB3055B00595591 /* APIError.swift */ = {isa = PBXFileReference; lastKnownFileType = sourcecode.swift; path = APIError.swift; sourceTree = "<group>"; };
		677DB43C2CF2DFD200532143 /* SNSTimelineItem.swift */ = {isa = PBXFileReference; lastKnownFileType = sourcecode.swift; path = SNSTimelineItem.swift; sourceTree = "<group>"; };
		677DB43E2CF2EE1100532143 /* Date+Extension.swift */ = {isa = PBXFileReference; lastKnownFileType = sourcecode.swift; path = "Date+Extension.swift"; sourceTree = "<group>"; };
		677DB4402CF2EF9100532143 /* SNSTimelineItemCell.swift */ = {isa = PBXFileReference; lastKnownFileType = sourcecode.swift; path = SNSTimelineItemCell.swift; sourceTree = "<group>"; };
		678E3DDC2B9F9FCE00BFE91F /* FeatureList.swift */ = {isa = PBXFileReference; lastKnownFileType = sourcecode.swift; path = FeatureList.swift; sourceTree = "<group>"; };
		678E3DE02B9FA4EB00BFE91F /* ImageRenderer.swift */ = {isa = PBXFileReference; lastKnownFileType = sourcecode.swift; path = ImageRenderer.swift; sourceTree = "<group>"; };
		67B77CE42CEE555000721C8B /* SNSHomeView.swift */ = {isa = PBXFileReference; lastKnownFileType = sourcecode.swift; path = SNSHomeView.swift; sourceTree = "<group>"; };
		67B77D042CEE5A9100721C8B /* GoogleService-Info.plist */ = {isa = PBXFileReference; lastKnownFileType = text.plist.xml; path = "GoogleService-Info.plist"; sourceTree = "<group>"; };
		67B77D072CEE61B700721C8B /* SNSSigninViewModel.swift */ = {isa = PBXFileReference; lastKnownFileType = sourcecode.swift; path = SNSSigninViewModel.swift; sourceTree = "<group>"; };
		67B77D092CEE61E000721C8B /* SNSRegisterViewModel.swift */ = {isa = PBXFileReference; lastKnownFileType = sourcecode.swift; path = SNSRegisterViewModel.swift; sourceTree = "<group>"; };
		67B77D0B2CEF77A500721C8B /* SwiftSamples.entitlements */ = {isa = PBXFileReference; lastKnownFileType = text.plist.entitlements; path = SwiftSamples.entitlements; sourceTree = "<group>"; };
		67B77D0C2CEF848E00721C8B /* Info.plist */ = {isa = PBXFileReference; lastKnownFileType = text.plist; path = Info.plist; sourceTree = "<group>"; };
		67B77D0D2CF0BF3E00721C8B /* AccountCreateViewModel.swift */ = {isa = PBXFileReference; lastKnownFileType = sourcecode.swift; path = AccountCreateViewModel.swift; sourceTree = "<group>"; };
		67B77D0F2CF0BF4B00721C8B /* AccountCreateView.swift */ = {isa = PBXFileReference; lastKnownFileType = sourcecode.swift; path = AccountCreateView.swift; sourceTree = "<group>"; };
		67B77D152CF0E8B500721C8B /* SNSHomeViewModel.swift */ = {isa = PBXFileReference; lastKnownFileType = sourcecode.swift; path = SNSHomeViewModel.swift; sourceTree = "<group>"; };
		67B77D172CF24D2500721C8B /* SNSLoadingView.swift */ = {isa = PBXFileReference; lastKnownFileType = sourcecode.swift; path = SNSLoadingView.swift; sourceTree = "<group>"; };
		67B77D192CF2579A00721C8B /* SNSPostView.swift */ = {isa = PBXFileReference; lastKnownFileType = sourcecode.swift; path = SNSPostView.swift; sourceTree = "<group>"; };
		67B77D1C2CF2597700721C8B /* PhotosPickerItem+Extension.swift */ = {isa = PBXFileReference; lastKnownFileType = sourcecode.swift; path = "PhotosPickerItem+Extension.swift"; sourceTree = "<group>"; };
		67B77D1F2CF2727700721C8B /* SNSUser.swift */ = {isa = PBXFileReference; lastKnownFileType = sourcecode.swift; path = SNSUser.swift; sourceTree = "<group>"; };
		67B77D212CF2727C00721C8B /* SNSPost.swift */ = {isa = PBXFileReference; lastKnownFileType = sourcecode.swift; path = SNSPost.swift; sourceTree = "<group>"; };
		67B77D232CF2882100721C8B /* SNSPostViewModel.swift */ = {isa = PBXFileReference; lastKnownFileType = sourcecode.swift; path = SNSPostViewModel.swift; sourceTree = "<group>"; };
		67B77D252CF28CF100721C8B /* SNSTimelineView.swift */ = {isa = PBXFileReference; lastKnownFileType = sourcecode.swift; path = SNSTimelineView.swift; sourceTree = "<group>"; };
		67D47A312C18D62C000604B8 /* NavigationTransition.swift */ = {isa = PBXFileReference; lastKnownFileType = sourcecode.swift; path = NavigationTransition.swift; sourceTree = "<group>"; };
/* End PBXFileReference section */

/* Begin PBXFrameworksBuildPhase section */
		67037A6D2B9F7E55007C183D /* Frameworks */ = {
			isa = PBXFrameworksBuildPhase;
			buildActionMask = 2147483647;
			files = (
				67B77CFA2CEE591300721C8B /* FirebaseMessaging in Frameworks */,
				67B77CEA2CEE591300721C8B /* FirebaseAppCheck in Frameworks */,
				67B77CEC2CEE591300721C8B /* FirebaseAuth in Frameworks */,
				67B77D032CEE5A0D00721C8B /* GoogleSignInSwift in Frameworks */,
				678E3DD92B9F878800BFE91F /* Kingfisher in Frameworks */,
				67B77CF02CEE591300721C8B /* FirebaseCrashlytics in Frameworks */,
				67B77D012CEE5A0D00721C8B /* GoogleSignIn in Frameworks */,
				678E3DD62B9F872100BFE91F /* ComposableArchitecture in Frameworks */,
				67B77CF42CEE591300721C8B /* FirebaseFirestore in Frameworks */,
				67B77CF82CEE591300721C8B /* FirebaseInAppMessaging-Beta in Frameworks */,
				67B77CEE2CEE591300721C8B /* FirebaseCore in Frameworks */,
				67B77CF62CEE591300721C8B /* FirebaseFunctions in Frameworks */,
				67B77CFC2CEE591300721C8B /* FirebaseRemoteConfig in Frameworks */,
				67B77CFE2CEE591300721C8B /* FirebaseStorage in Frameworks */,
				67B77CF22CEE591300721C8B /* FirebaseDatabase in Frameworks */,
				67B77CE82CEE591300721C8B /* FirebaseAnalytics in Frameworks */,
			);
			runOnlyForDeploymentPostprocessing = 0;
		};
		67037A7D2B9F7E56007C183D /* Frameworks */ = {
			isa = PBXFrameworksBuildPhase;
			buildActionMask = 2147483647;
			files = (
			);
			runOnlyForDeploymentPostprocessing = 0;
		};
		67037A872B9F7E56007C183D /* Frameworks */ = {
			isa = PBXFrameworksBuildPhase;
			buildActionMask = 2147483647;
			files = (
			);
			runOnlyForDeploymentPostprocessing = 0;
		};
		6709921A2BA09F8D004F11F6 /* Frameworks */ = {
			isa = PBXFrameworksBuildPhase;
			buildActionMask = 2147483647;
			files = (
				670992222BA09F8D004F11F6 /* SwiftUI.framework in Frameworks */,
				670992202BA09F8D004F11F6 /* WidgetKit.framework in Frameworks */,
			);
			runOnlyForDeploymentPostprocessing = 0;
		};
/* End PBXFrameworksBuildPhase section */

/* Begin PBXGroup section */
		67037A672B9F7E55007C183D = {
			isa = PBXGroup;
			children = (
				67037A722B9F7E55007C183D /* SwiftSamples */,
				67037A832B9F7E56007C183D /* SwiftSamplesTests */,
				67037A8D2B9F7E56007C183D /* SwiftSamplesUITests */,
				670992232BA09F8D004F11F6 /* SampleLiveActivity */,
				6709921E2BA09F8D004F11F6 /* Frameworks */,
				67037A712B9F7E55007C183D /* Products */,
			);
			sourceTree = "<group>";
		};
		67037A712B9F7E55007C183D /* Products */ = {
			isa = PBXGroup;
			children = (
				67037A702B9F7E55007C183D /* SwiftSamples.app */,
				67037A802B9F7E56007C183D /* SwiftSamplesTests.xctest */,
				67037A8A2B9F7E56007C183D /* SwiftSamplesUITests.xctest */,
				6709921D2BA09F8D004F11F6 /* SampleLiveActivityExtension.appex */,
			);
			name = Products;
			sourceTree = "<group>";
		};
		67037A722B9F7E55007C183D /* SwiftSamples */ = {
			isa = PBXGroup;
			children = (
				67B77D0C2CEF848E00721C8B /* Info.plist */,
				67B77D0B2CEF77A500721C8B /* SwiftSamples.entitlements */,
				67037A732B9F7E55007C183D /* SwiftSamplesApp.swift */,
				67037A752B9F7E55007C183D /* ContentView.swift */,
				67668FA42BB301D300595591 /* API */,
				67B77D1B2CF2596900721C8B /* Extension */,
				67668FA72BB3037500595591 /* Entity */,
				678E3DDA2B9F9F2200BFE91F /* Features */,
				670827DE2CE9F682008EA7AD /* Utilities */,
				670827FA2CEA1BDF008EA7AD /* Extensions */,
				67037A772B9F7E56007C183D /* Assets.xcassets */,
				67B77D042CEE5A9100721C8B /* GoogleService-Info.plist */,
				67037A792B9F7E56007C183D /* Preview Content */,
			);
			path = SwiftSamples;
			sourceTree = "<group>";
		};
		67037A792B9F7E56007C183D /* Preview Content */ = {
			isa = PBXGroup;
			children = (
				67037A7A2B9F7E56007C183D /* Preview Assets.xcassets */,
			);
			path = "Preview Content";
			sourceTree = "<group>";
		};
		67037A832B9F7E56007C183D /* SwiftSamplesTests */ = {
			isa = PBXGroup;
			children = (
				67037A842B9F7E56007C183D /* SwiftSamplesTests.swift */,
			);
			path = SwiftSamplesTests;
			sourceTree = "<group>";
		};
		67037A8D2B9F7E56007C183D /* SwiftSamplesUITests */ = {
			isa = PBXGroup;
			children = (
				67037A8E2B9F7E56007C183D /* SwiftSamplesUITests.swift */,
				67037A902B9F7E56007C183D /* SwiftSamplesUITestsLaunchTests.swift */,
			);
			path = SwiftSamplesUITests;
			sourceTree = "<group>";
		};
		670827DD2CE9F65F008EA7AD /* FootballAPI */ = {
			isa = PBXGroup;
			children = (
				670827E72CEA1B03008EA7AD /* Resources */,
				670827E62CEA18E6008EA7AD /* ViewModel */,
				670827E52CEA18E0008EA7AD /* View */,
				670827E42CEA18DB008EA7AD /* Entity */,
				670827E32CEA18D6008EA7AD /* API */,
			);
			path = FootballAPI;
			sourceTree = "<group>";
		};
		670827DE2CE9F682008EA7AD /* Utilities */ = {
			isa = PBXGroup;
			children = (
				670827DF2CE9F749008EA7AD /* FeatureFlag.swift */,
			);
			path = Utilities;
			sourceTree = "<group>";
		};
		670827E32CEA18D6008EA7AD /* API */ = {
			isa = PBXGroup;
			children = (
				670828272CEA1F63008EA7AD /* FootballAPIKey.swift */,
				670827E12CEA18CE008EA7AD /* FootballAPIClient.swift */,
			);
			path = API;
			sourceTree = "<group>";
		};
		670827E42CEA18DB008EA7AD /* Entity */ = {
			isa = PBXGroup;
			children = (
				670827F82CEA1BC1008EA7AD /* ClubTheme.swift */,
				670827F62CEA1BB8008EA7AD /* Team.swift */,
				670827F42CEA1BAC008EA7AD /* Standings.swift */,
				670827F22CEA1BA2008EA7AD /* PlayerStat.swift */,
				670827EF2CEA1B92008EA7AD /* LeagueType.swift */,
				670827ED2CEA1B78008EA7AD /* League.swift */,
				670827EA2CEA1B69008EA7AD /* FixtureDetail.swift */,
				670827E82CEA1B60008EA7AD /* Fixture.swift */,
			);
			path = Entity;
			sourceTree = "<group>";
		};
		670827E52CEA18E0008EA7AD /* View */ = {
			isa = PBXGroup;
			children = (
				670828312CEA35F3008EA7AD /* PlayerStats */,
				670828302CEA35ED008EA7AD /* Fixture */,
				6708282F2CEA35DC008EA7AD /* Stading */,
				670828292CEA2894008EA7AD /* FootballTopView.swift */,
			);
			path = View;
			sourceTree = "<group>";
		};
		670827E62CEA18E6008EA7AD /* ViewModel */ = {
			isa = PBXGroup;
			children = (
				670828322CEA35F8008EA7AD /* PlayerStats */,
				670828332CEA35F8008EA7AD /* Fixture */,
				670828342CEA35F8008EA7AD /* Stading */,
			);
			path = ViewModel;
			sourceTree = "<group>";
		};
		670827E72CEA1B03008EA7AD /* Resources */ = {
			isa = PBXGroup;
			children = (
				670828032CEA1EF5008EA7AD /* England */,
				670828082CEA1EF5008EA7AD /* Italy */,
				6708280F2CEA1EF5008EA7AD /* Japan */,
				670828142CEA1EF5008EA7AD /* Spain */,
			);
			path = Resources;
			sourceTree = "<group>";
		};
		670827FA2CEA1BDF008EA7AD /* Extensions */ = {
			isa = PBXGroup;
			children = (
				670827FD2CEA1BF7008EA7AD /* String+Extension.swift */,
				670827FB2CEA1BED008EA7AD /* Color+Extension.swift */,
			);
			path = Extensions;
			sourceTree = "<group>";
		};
		670828032CEA1EF5008EA7AD /* England */ = {
			isa = PBXGroup;
			children = (
				670827FF2CEA1EF5008EA7AD /* foorball_api_fixtures_2023_39.json */,
				670828002CEA1EF5008EA7AD /* foorball_api_topassists_2023_39.json */,
				670828012CEA1EF5008EA7AD /* foorball_api_topscorer_2023_39.json */,
				670828022CEA1EF5008EA7AD /* football_api_standings_2023_39.json */,
			);
			path = England;
			sourceTree = "<group>";
		};
		670828082CEA1EF5008EA7AD /* Italy */ = {
			isa = PBXGroup;
			children = (
				670828042CEA1EF5008EA7AD /* foorball_api_fixtures_2023_135.json */,
				670828052CEA1EF5008EA7AD /* foorball_api_topassists_2023_135.json */,
				670828062CEA1EF5008EA7AD /* foorball_api_topscorer_2023_135.json */,
				670828072CEA1EF5008EA7AD /* football_api_standings_2023_135.json */,
			);
			path = Italy;
			sourceTree = "<group>";
		};
		6708280F2CEA1EF5008EA7AD /* Japan */ = {
			isa = PBXGroup;
			children = (
				670828092CEA1EF5008EA7AD /* foorball_api_fixtures_2024_98.json */,
				6708280A2CEA1EF5008EA7AD /* foorball_api_topassists_2024_98.json */,
				6708280B2CEA1EF5008EA7AD /* foorball_api_topscorer_2024_98.json */,
				6708280C2CEA1EF5008EA7AD /* football_api_standings_2024_98.json */,
				6708280D2CEA1EF5008EA7AD /* football_api_statistics_2024_98_282.json */,
				6708280E2CEA1EF5008EA7AD /* football_api_statistics_2024_98_287.json */,
			);
			path = Japan;
			sourceTree = "<group>";
		};
		670828142CEA1EF5008EA7AD /* Spain */ = {
			isa = PBXGroup;
			children = (
				670828102CEA1EF5008EA7AD /* foorball_api_fixtures_2023_140.json */,
				670828112CEA1EF5008EA7AD /* foorball_api_topassists_2023_140.json */,
				670828122CEA1EF5008EA7AD /* foorball_api_topscorer_2023_140.json */,
				670828132CEA1EF5008EA7AD /* football_api_standings_2023_140.json */,
			);
			path = Spain;
			sourceTree = "<group>";
		};
		6708282F2CEA35DC008EA7AD /* Stading */ = {
			isa = PBXGroup;
			children = (
				670828352CEA3605008EA7AD /* StandingCell.swift */,
				6708282D2CEA35A8008EA7AD /* StandingView.swift */,
			);
			path = Stading;
			sourceTree = "<group>";
		};
		670828302CEA35ED008EA7AD /* Fixture */ = {
			isa = PBXGroup;
			children = (
				6708283D2CEA3CAE008EA7AD /* FixtureStatsView.swift */,
				6708283B2CEA3C9E008EA7AD /* FixtureDetailView.swift */,
				670828392CEA3C96008EA7AD /* FixturesCell.swift */,
				670828372CEA3C8E008EA7AD /* FixturesView.swift */,
			);
			path = Fixture;
			sourceTree = "<group>";
		};
		670828312CEA35F3008EA7AD /* PlayerStats */ = {
			isa = PBXGroup;
			children = (
				670828432CEA4FC1008EA7AD /* PlayerStatCell.swift */,
				670828412CEA4FB9008EA7AD /* PlayerStatsView.swift */,
				6708283F2CEA4FAD008EA7AD /* PlayerStatsContainerView.swift */,
			);
			path = PlayerStats;
			sourceTree = "<group>";
		};
		670828322CEA35F8008EA7AD /* PlayerStats */ = {
			isa = PBXGroup;
			children = (
			);
			path = PlayerStats;
			sourceTree = "<group>";
		};
		670828332CEA35F8008EA7AD /* Fixture */ = {
			isa = PBXGroup;
			children = (
			);
			path = Fixture;
			sourceTree = "<group>";
		};
		670828342CEA35F8008EA7AD /* Stading */ = {
			isa = PBXGroup;
			children = (
			);
			path = Stading;
			sourceTree = "<group>";
		};
		670828452CED0B55008EA7AD /* SNS */ = {
			isa = PBXGroup;
			children = (
				67B77D1E2CF2727100721C8B /* Entity */,
				67B77D062CEE61AC00721C8B /* ViewModel */,
				670828462CED0B6E008EA7AD /* View */,
			);
			path = SNS;
			sourceTree = "<group>";
		};
		670828462CED0B6E008EA7AD /* View */ = {
			isa = PBXGroup;
			children = (
				677DB4402CF2EF9100532143 /* SNSTimelineItemCell.swift */,
				67B77D252CF28CF100721C8B /* SNSTimelineView.swift */,
				67B77CE42CEE555000721C8B /* SNSHomeView.swift */,
				67B77D192CF2579A00721C8B /* SNSPostView.swift */,
				670828472CED0B74008EA7AD /* SNSSigninView.swift */,
				670828492CED0BD2008EA7AD /* SNSRegisterView.swift */,
				67B77D0F2CF0BF4B00721C8B /* AccountCreateView.swift */,
				67B77D172CF24D2500721C8B /* SNSLoadingView.swift */,
			);
			path = View;
			sourceTree = "<group>";
		};
		6709921E2BA09F8D004F11F6 /* Frameworks */ = {
			isa = PBXGroup;
			children = (
				6709921F2BA09F8D004F11F6 /* WidgetKit.framework */,
				670992212BA09F8D004F11F6 /* SwiftUI.framework */,
			);
			name = Frameworks;
			sourceTree = "<group>";
		};
		670992232BA09F8D004F11F6 /* SampleLiveActivity */ = {
			isa = PBXGroup;
			children = (
				670992432BA0DAD0004F11F6 /* SampleLiveActivity */,
				670992402BA0DA4A004F11F6 /* DefaultLiveActivity */,
				6709923F2BA0CEFE004F11F6 /* DelivaryLiveActivity */,
				670992242BA09F8D004F11F6 /* SampleLiveActivityBundle.swift */,
				6709922A2BA09F8D004F11F6 /* AppIntent.swift */,
				6709922C2BA09F8F004F11F6 /* Assets.xcassets */,
				6709922E2BA09F8F004F11F6 /* Info.plist */,
			);
			path = SampleLiveActivity;
			sourceTree = "<group>";
		};
		6709923F2BA0CEFE004F11F6 /* DelivaryLiveActivity */ = {
			isa = PBXGroup;
			children = (
				670992362BA0A013004F11F6 /* DeliveryAttributes.swift */,
				670992412BA0DA75004F11F6 /* DelivaryLiveActivity.swift */,
			);
			path = DelivaryLiveActivity;
			sourceTree = "<group>";
		};
		670992402BA0DA4A004F11F6 /* DefaultLiveActivity */ = {
			isa = PBXGroup;
			children = (
				670992282BA09F8D004F11F6 /* DefaultLiveActivityWidget.swift */,
				670992262BA09F8D004F11F6 /* DefaultLiveActivity.swift */,
			);
			path = DefaultLiveActivity;
			sourceTree = "<group>";
		};
		670992432BA0DAD0004F11F6 /* SampleLiveActivity */ = {
			isa = PBXGroup;
			children = (
				6709923D2BA0CB34004F11F6 /* SampleLiveActivityAttributes.swift */,
				670992462BA0DC59004F11F6 /* SampleLiveActivity.swift */,
			);
			path = SampleLiveActivity;
			sourceTree = "<group>";
		};
		670C24422BE5653B00833377 /* iOS16+ */ = {
			isa = PBXGroup;
			children = (
				678E3DE02B9FA4EB00BFE91F /* ImageRenderer.swift */,
				670992392BA0BC02004F11F6 /* LiveActivity.swift */,
				67668FA02BB3013600595591 /* AsyncImageRenderer.swift */,
			);
			path = "iOS16+";
			sourceTree = "<group>";
		};
		670C24442BE565B900833377 /* Samples */ = {
			isa = PBXGroup;
			children = (
				67404E312BF1179D004AA9EB /* Books */,
				67404E3F2BF7AA94004AA9EB /* ReviewForm.swift */,
			);
			path = Samples;
			sourceTree = "<group>";
		};
		67404E312BF1179D004AA9EB /* Books */ = {
			isa = PBXGroup;
			children = (
				67404E292BF10AF6004AA9EB /* SearchBookList.swift */,
				67404E2F2BF11783004AA9EB /* SearchBookListRow.swift */,
			);
			path = Books;
			sourceTree = "<group>";
		};
		67404E322BF2C0DE004AA9EB /* SwiftUISamples */ = {
			isa = PBXGroup;
			children = (
				6708282B2CEA2DA5008EA7AD /* PickersView.swift */,
				67404E352BF3FD44004AA9EB /* ImageItem.swift */,
				67404E332BF3FD34004AA9EB /* ImageList.swift */,
				67404E372BF413DC004AA9EB /* ImageGrid.swift */,
				67404E392BF41804004AA9EB /* ImagePaging.swift */,
				67404E3D2BF6A0EC004AA9EB /* ImagePaging2.swift */,
			);
			path = SwiftUISamples;
			sourceTree = "<group>";
		};
		67404E462BF88D69004AA9EB /* ComposableArchitecture */ = {
			isa = PBXGroup;
			children = (
				67404E472BF88DA1004AA9EB /* SwiftUI-and-StateManagement.swift */,
			);
			path = ComposableArchitecture;
			sourceTree = "<group>";
		};
		67668FA42BB301D300595591 /* API */ = {
			isa = PBXGroup;
			children = (
				67668FA52BB3036800595591 /* CatClient.swift */,
				67668FAA2BB3055B00595591 /* APIError.swift */,
				67404E272BF10A80004AA9EB /* GoogleBooksClient.swift */,
			);
			path = API;
			sourceTree = "<group>";
		};
		67668FA72BB3037500595591 /* Entity */ = {
			isa = PBXGroup;
			children = (
				67668FA82BB3037F00595591 /* CatItem.swift */,
				67404E2B2BF10C9E004AA9EB /* Book.swift */,
			);
			path = Entity;
			sourceTree = "<group>";
		};
		678E3DDA2B9F9F2200BFE91F /* Features */ = {
			isa = PBXGroup;
			children = (
				678E3DDC2B9F9FCE00BFE91F /* FeatureList.swift */,
				670828452CED0B55008EA7AD /* SNS */,
				670827DD2CE9F65F008EA7AD /* FootballAPI */,
				67D47A302C18D5F3000604B8 /* iOS18+ */,
				67404E462BF88D69004AA9EB /* ComposableArchitecture */,
				670C24422BE5653B00833377 /* iOS16+ */,
				670C24442BE565B900833377 /* Samples */,
				67404E322BF2C0DE004AA9EB /* SwiftUISamples */,
			);
			path = Features;
			sourceTree = "<group>";
		};
		67B77D062CEE61AC00721C8B /* ViewModel */ = {
			isa = PBXGroup;
			children = (
				67B77D152CF0E8B500721C8B /* SNSHomeViewModel.swift */,
				67B77D232CF2882100721C8B /* SNSPostViewModel.swift */,
				67B77D072CEE61B700721C8B /* SNSSigninViewModel.swift */,
				67B77D092CEE61E000721C8B /* SNSRegisterViewModel.swift */,
				67B77D0D2CF0BF3E00721C8B /* AccountCreateViewModel.swift */,
			);
			path = ViewModel;
			sourceTree = "<group>";
		};
		67B77D1B2CF2596900721C8B /* Extension */ = {
			isa = PBXGroup;
			children = (
				677DB43E2CF2EE1100532143 /* Date+Extension.swift */,
				67B77D1C2CF2597700721C8B /* PhotosPickerItem+Extension.swift */,
			);
			path = Extension;
			sourceTree = "<group>";
		};
		67B77D1E2CF2727100721C8B /* Entity */ = {
			isa = PBXGroup;
			children = (
				677DB43C2CF2DFD200532143 /* SNSTimelineItem.swift */,
				67B77D212CF2727C00721C8B /* SNSPost.swift */,
				67B77D1F2CF2727700721C8B /* SNSUser.swift */,
			);
			path = Entity;
			sourceTree = "<group>";
		};
		67D47A302C18D5F3000604B8 /* iOS18+ */ = {
			isa = PBXGroup;
			children = (
				67D47A312C18D62C000604B8 /* NavigationTransition.swift */,
			);
			path = "iOS18+";
			sourceTree = "<group>";
		};
/* End PBXGroup section */

/* Begin PBXNativeTarget section */
		67037A6F2B9F7E55007C183D /* SwiftSamples */ = {
			isa = PBXNativeTarget;
			buildConfigurationList = 67037A942B9F7E56007C183D /* Build configuration list for PBXNativeTarget "SwiftSamples" */;
			buildPhases = (
				67037A6C2B9F7E55007C183D /* Sources */,
				67037A6D2B9F7E55007C183D /* Frameworks */,
				67037A6E2B9F7E55007C183D /* Resources */,
				670992322BA09F8F004F11F6 /* Embed Foundation Extensions */,
			);
			buildRules = (
			);
			dependencies = (
				670992302BA09F8F004F11F6 /* PBXTargetDependency */,
			);
			name = SwiftSamples;
			packageProductDependencies = (
				678E3DD52B9F872100BFE91F /* ComposableArchitecture */,
				678E3DD82B9F878800BFE91F /* Kingfisher */,
				67B77CE72CEE591300721C8B /* FirebaseAnalytics */,
				67B77CE92CEE591300721C8B /* FirebaseAppCheck */,
				67B77CEB2CEE591300721C8B /* FirebaseAuth */,
				67B77CED2CEE591300721C8B /* FirebaseCore */,
				67B77CEF2CEE591300721C8B /* FirebaseCrashlytics */,
				67B77CF12CEE591300721C8B /* FirebaseDatabase */,
				67B77CF32CEE591300721C8B /* FirebaseFirestore */,
				67B77CF52CEE591300721C8B /* FirebaseFunctions */,
				67B77CF72CEE591300721C8B /* FirebaseInAppMessaging-Beta */,
				67B77CF92CEE591300721C8B /* FirebaseMessaging */,
				67B77CFB2CEE591300721C8B /* FirebaseRemoteConfig */,
				67B77CFD2CEE591300721C8B /* FirebaseStorage */,
				67B77D002CEE5A0D00721C8B /* GoogleSignIn */,
				67B77D022CEE5A0D00721C8B /* GoogleSignInSwift */,
			);
			productName = SwiftSamples;
			productReference = 67037A702B9F7E55007C183D /* SwiftSamples.app */;
			productType = "com.apple.product-type.application";
		};
		67037A7F2B9F7E56007C183D /* SwiftSamplesTests */ = {
			isa = PBXNativeTarget;
			buildConfigurationList = 67037A972B9F7E56007C183D /* Build configuration list for PBXNativeTarget "SwiftSamplesTests" */;
			buildPhases = (
				67037A7C2B9F7E56007C183D /* Sources */,
				67037A7D2B9F7E56007C183D /* Frameworks */,
				67037A7E2B9F7E56007C183D /* Resources */,
			);
			buildRules = (
			);
			dependencies = (
				67037A822B9F7E56007C183D /* PBXTargetDependency */,
			);
			name = SwiftSamplesTests;
			productName = SwiftSamplesTests;
			productReference = 67037A802B9F7E56007C183D /* SwiftSamplesTests.xctest */;
			productType = "com.apple.product-type.bundle.unit-test";
		};
		67037A892B9F7E56007C183D /* SwiftSamplesUITests */ = {
			isa = PBXNativeTarget;
			buildConfigurationList = 67037A9A2B9F7E56007C183D /* Build configuration list for PBXNativeTarget "SwiftSamplesUITests" */;
			buildPhases = (
				67037A862B9F7E56007C183D /* Sources */,
				67037A872B9F7E56007C183D /* Frameworks */,
				67037A882B9F7E56007C183D /* Resources */,
			);
			buildRules = (
			);
			dependencies = (
				67037A8C2B9F7E56007C183D /* PBXTargetDependency */,
			);
			name = SwiftSamplesUITests;
			productName = SwiftSamplesUITests;
			productReference = 67037A8A2B9F7E56007C183D /* SwiftSamplesUITests.xctest */;
			productType = "com.apple.product-type.bundle.ui-testing";
		};
		6709921C2BA09F8D004F11F6 /* SampleLiveActivityExtension */ = {
			isa = PBXNativeTarget;
			buildConfigurationList = 670992352BA09F8F004F11F6 /* Build configuration list for PBXNativeTarget "SampleLiveActivityExtension" */;
			buildPhases = (
				670992192BA09F8D004F11F6 /* Sources */,
				6709921A2BA09F8D004F11F6 /* Frameworks */,
				6709921B2BA09F8D004F11F6 /* Resources */,
			);
			buildRules = (
			);
			dependencies = (
			);
			name = SampleLiveActivityExtension;
			productName = SampleLiveActivityExtension;
			productReference = 6709921D2BA09F8D004F11F6 /* SampleLiveActivityExtension.appex */;
			productType = "com.apple.product-type.app-extension";
		};
/* End PBXNativeTarget section */

/* Begin PBXProject section */
		67037A682B9F7E55007C183D /* Project object */ = {
			isa = PBXProject;
			attributes = {
				BuildIndependentTargetsInParallel = 1;
				LastSwiftUpdateCheck = 1500;
				LastUpgradeCheck = 1500;
				TargetAttributes = {
					67037A6F2B9F7E55007C183D = {
						CreatedOnToolsVersion = 15.0.1;
					};
					67037A7F2B9F7E56007C183D = {
						CreatedOnToolsVersion = 15.0.1;
						TestTargetID = 67037A6F2B9F7E55007C183D;
					};
					67037A892B9F7E56007C183D = {
						CreatedOnToolsVersion = 15.0.1;
						TestTargetID = 67037A6F2B9F7E55007C183D;
					};
					6709921C2BA09F8D004F11F6 = {
						CreatedOnToolsVersion = 15.0.1;
					};
				};
			};
			buildConfigurationList = 67037A6B2B9F7E55007C183D /* Build configuration list for PBXProject "SwiftSamples" */;
			compatibilityVersion = "Xcode 14.0";
			developmentRegion = en;
			hasScannedForEncodings = 0;
			knownRegions = (
				en,
				Base,
			);
			mainGroup = 67037A672B9F7E55007C183D;
			packageReferences = (
				678E3DD42B9F872100BFE91F /* XCRemoteSwiftPackageReference "swift-composable-architecture" */,
				678E3DD72B9F878800BFE91F /* XCRemoteSwiftPackageReference "Kingfisher" */,
				67B77CE62CEE591300721C8B /* XCRemoteSwiftPackageReference "firebase-ios-sdk" */,
				67B77CFF2CEE5A0D00721C8B /* XCRemoteSwiftPackageReference "GoogleSignIn-iOS" */,
			);
			productRefGroup = 67037A712B9F7E55007C183D /* Products */;
			projectDirPath = "";
			projectRoot = "";
			targets = (
				67037A6F2B9F7E55007C183D /* SwiftSamples */,
				67037A7F2B9F7E56007C183D /* SwiftSamplesTests */,
				67037A892B9F7E56007C183D /* SwiftSamplesUITests */,
				6709921C2BA09F8D004F11F6 /* SampleLiveActivityExtension */,
			);
		};
/* End PBXProject section */

/* Begin PBXResourcesBuildPhase section */
		67037A6E2B9F7E55007C183D /* Resources */ = {
			isa = PBXResourcesBuildPhase;
			buildActionMask = 2147483647;
			files = (
				670828152CEA1EF5008EA7AD /* foorball_api_fixtures_2023_140.json in Resources */,
				670828162CEA1EF5008EA7AD /* foorball_api_topassists_2023_140.json in Resources */,
				670828172CEA1EF5008EA7AD /* foorball_api_fixtures_2023_135.json in Resources */,
				670828182CEA1EF5008EA7AD /* football_api_standings_2023_135.json in Resources */,
				670828192CEA1EF5008EA7AD /* football_api_statistics_2024_98_282.json in Resources */,
				6708281A2CEA1EF5008EA7AD /* football_api_standings_2023_140.json in Resources */,
				6708281B2CEA1EF5008EA7AD /* football_api_standings_2023_39.json in Resources */,
				6708281C2CEA1EF5008EA7AD /* foorball_api_fixtures_2024_98.json in Resources */,
				6708281D2CEA1EF5008EA7AD /* football_api_standings_2024_98.json in Resources */,
				6708281E2CEA1EF5008EA7AD /* foorball_api_fixtures_2023_39.json in Resources */,
				6708281F2CEA1EF5008EA7AD /* foorball_api_topscorer_2023_135.json in Resources */,
				670828202CEA1EF5008EA7AD /* foorball_api_topassists_2023_135.json in Resources */,
				670828212CEA1EF5008EA7AD /* foorball_api_topassists_2023_39.json in Resources */,
				670828222CEA1EF5008EA7AD /* foorball_api_topscorer_2024_98.json in Resources */,
				670828232CEA1EF5008EA7AD /* foorball_api_topscorer_2023_39.json in Resources */,
				670828242CEA1EF5008EA7AD /* foorball_api_topassists_2024_98.json in Resources */,
				670828252CEA1EF5008EA7AD /* football_api_statistics_2024_98_287.json in Resources */,
				670828262CEA1EF5008EA7AD /* foorball_api_topscorer_2023_140.json in Resources */,
				67037A7B2B9F7E56007C183D /* Preview Assets.xcassets in Resources */,
				67037A782B9F7E56007C183D /* Assets.xcassets in Resources */,
				67B77D052CEE5A9100721C8B /* GoogleService-Info.plist in Resources */,
			);
			runOnlyForDeploymentPostprocessing = 0;
		};
		67037A7E2B9F7E56007C183D /* Resources */ = {
			isa = PBXResourcesBuildPhase;
			buildActionMask = 2147483647;
			files = (
			);
			runOnlyForDeploymentPostprocessing = 0;
		};
		67037A882B9F7E56007C183D /* Resources */ = {
			isa = PBXResourcesBuildPhase;
			buildActionMask = 2147483647;
			files = (
			);
			runOnlyForDeploymentPostprocessing = 0;
		};
		6709921B2BA09F8D004F11F6 /* Resources */ = {
			isa = PBXResourcesBuildPhase;
			buildActionMask = 2147483647;
			files = (
				6709922D2BA09F8F004F11F6 /* Assets.xcassets in Resources */,
			);
			runOnlyForDeploymentPostprocessing = 0;
		};
/* End PBXResourcesBuildPhase section */

/* Begin PBXSourcesBuildPhase section */
		67037A6C2B9F7E55007C183D /* Sources */ = {
			isa = PBXSourcesBuildPhase;
			buildActionMask = 2147483647;
			files = (
				670828402CEA4FB6008EA7AD /* PlayerStatsContainerView.swift in Sources */,
				670827F92CEA1BC5008EA7AD /* ClubTheme.swift in Sources */,
				67B77D222CF2728000721C8B /* SNSPost.swift in Sources */,
				67B77D182CF24D2F00721C8B /* SNSLoadingView.swift in Sources */,
				670828482CED0BAA008EA7AD /* SNSSigninView.swift in Sources */,
				67B77D242CF2882100721C8B /* SNSPostViewModel.swift in Sources */,
				67404E402BF7AA95004AA9EB /* ReviewForm.swift in Sources */,
				6708282A2CEA289D008EA7AD /* FootballTopView.swift in Sources */,
				67B77D1D2CF2597B00721C8B /* PhotosPickerItem+Extension.swift in Sources */,
				67404E2C2BF10C9E004AA9EB /* Book.swift in Sources */,
				670827EB2CEA1B6A008EA7AD /* FixtureDetail.swift in Sources */,
				6708283C2CEA3CA2008EA7AD /* FixtureDetailView.swift in Sources */,
				67B77D1A2CF257A000721C8B /* SNSPostView.swift in Sources */,
				670828422CEA4FBC008EA7AD /* PlayerStatsView.swift in Sources */,
				670828442CEA4FC9008EA7AD /* PlayerStatCell.swift in Sources */,
				67404E3A2BF41804004AA9EB /* ImagePaging.swift in Sources */,
				67404E302BF11783004AA9EB /* SearchBookListRow.swift in Sources */,
				6708283E2CEA3CBC008EA7AD /* FixtureStatsView.swift in Sources */,
				670827F52CEA1BAD008EA7AD /* Standings.swift in Sources */,
				670827E22CEA18D2008EA7AD /* FootballAPIClient.swift in Sources */,
				67B77D162CF0E8B500721C8B /* SNSHomeViewModel.swift in Sources */,
				67668FA62BB3036800595591 /* CatClient.swift in Sources */,
				670828362CEA3608008EA7AD /* StandingCell.swift in Sources */,
				677DB43F2CF2EE1600532143 /* Date+Extension.swift in Sources */,
				670828382CEA3C92008EA7AD /* FixturesView.swift in Sources */,
				670828282CEA1F69008EA7AD /* FootballAPIKey.swift in Sources */,
				670827F72CEA1BB9008EA7AD /* Team.swift in Sources */,
				678E3DDD2B9F9FCE00BFE91F /* FeatureList.swift in Sources */,
				67668FAB2BB3055B00595591 /* APIError.swift in Sources */,
				6709923A2BA0BC02004F11F6 /* LiveActivity.swift in Sources */,
				67404E3E2BF6A0EC004AA9EB /* ImagePaging2.swift in Sources */,
				6709923E2BA0CB34004F11F6 /* SampleLiveActivityAttributes.swift in Sources */,
				670827E92CEA1B61008EA7AD /* Fixture.swift in Sources */,
				670827E02CE9F74D008EA7AD /* FeatureFlag.swift in Sources */,
				678E3DE12B9FA4EB00BFE91F /* ImageRenderer.swift in Sources */,
				67D47A322C18D62C000604B8 /* NavigationTransition.swift in Sources */,
				6708283A2CEA3C9A008EA7AD /* FixturesCell.swift in Sources */,
				67B77D0E2CF0BF4400721C8B /* AccountCreateViewModel.swift in Sources */,
				670827FC2CEA1BEE008EA7AD /* Color+Extension.swift in Sources */,
				67668FA12BB3013600595591 /* AsyncImageRenderer.swift in Sources */,
				67404E342BF3FD34004AA9EB /* ImageList.swift in Sources */,
				6708284A2CED0BD5008EA7AD /* SNSRegisterView.swift in Sources */,
				6708282C2CEA2DA8008EA7AD /* PickersView.swift in Sources */,
				67404E362BF3FD44004AA9EB /* ImageItem.swift in Sources */,
				67B77D0A2CEE61E100721C8B /* SNSRegisterViewModel.swift in Sources */,
				67B77D102CF0BF5000721C8B /* AccountCreateView.swift in Sources */,
				67B77D082CEE61B800721C8B /* SNSSigninViewModel.swift in Sources */,
				670992372BA0A013004F11F6 /* DeliveryAttributes.swift in Sources */,
				670827F32CEA1BA2008EA7AD /* PlayerStat.swift in Sources */,
				67404E2A2BF10AF6004AA9EB /* SearchBookList.swift in Sources */,
				67037A762B9F7E55007C183D /* ContentView.swift in Sources */,
				67B77CE52CEE555900721C8B /* SNSHomeView.swift in Sources */,
				677DB43D2CF2DFD700532143 /* SNSTimelineItem.swift in Sources */,
				67404E482BF88DA1004AA9EB /* SwiftUI-and-StateManagement.swift in Sources */,
				6708282E2CEA35AD008EA7AD /* StandingView.swift in Sources */,
				67037A742B9F7E55007C183D /* SwiftSamplesApp.swift in Sources */,
				67B77D262CF28CF600721C8B /* SNSTimelineView.swift in Sources */,
				677DB4412CF2EF9600532143 /* SNSTimelineItemCell.swift in Sources */,
				67404E382BF413DC004AA9EB /* ImageGrid.swift in Sources */,
				67404E282BF10A80004AA9EB /* GoogleBooksClient.swift in Sources */,
				67B77D202CF2727900721C8B /* SNSUser.swift in Sources */,
				670992472BA0DC59004F11F6 /* SampleLiveActivity.swift in Sources */,
				670992422BA0DA75004F11F6 /* DelivaryLiveActivity.swift in Sources */,
				670827F02CEA1B93008EA7AD /* LeagueType.swift in Sources */,
				670827FE2CEA1BF8008EA7AD /* String+Extension.swift in Sources */,
				670827EE2CEA1B79008EA7AD /* League.swift in Sources */,
				67668FA92BB3037F00595591 /* CatItem.swift in Sources */,
			);
			runOnlyForDeploymentPostprocessing = 0;
		};
		67037A7C2B9F7E56007C183D /* Sources */ = {
			isa = PBXSourcesBuildPhase;
			buildActionMask = 2147483647;
			files = (
				67037A852B9F7E56007C183D /* SwiftSamplesTests.swift in Sources */,
			);
			runOnlyForDeploymentPostprocessing = 0;
		};
		67037A862B9F7E56007C183D /* Sources */ = {
			isa = PBXSourcesBuildPhase;
			buildActionMask = 2147483647;
			files = (
				67037A912B9F7E56007C183D /* SwiftSamplesUITestsLaunchTests.swift in Sources */,
				67037A8F2B9F7E56007C183D /* SwiftSamplesUITests.swift in Sources */,
			);
			runOnlyForDeploymentPostprocessing = 0;
		};
		670992192BA09F8D004F11F6 /* Sources */ = {
			isa = PBXSourcesBuildPhase;
			buildActionMask = 2147483647;
			files = (
				670992382BA0A0D8004F11F6 /* DeliveryAttributes.swift in Sources */,
				670992252BA09F8D004F11F6 /* SampleLiveActivityBundle.swift in Sources */,
				67668F9D2BA2289700595591 /* SampleLiveActivity.swift in Sources */,
				670992452BA0DB07004F11F6 /* SampleLiveActivityAttributes.swift in Sources */,
				670992442BA0DAFE004F11F6 /* DelivaryLiveActivity.swift in Sources */,
				6709922B2BA09F8D004F11F6 /* AppIntent.swift in Sources */,
				670992292BA09F8D004F11F6 /* DefaultLiveActivityWidget.swift in Sources */,
				670992272BA09F8D004F11F6 /* DefaultLiveActivity.swift in Sources */,
			);
			runOnlyForDeploymentPostprocessing = 0;
		};
/* End PBXSourcesBuildPhase section */

/* Begin PBXTargetDependency section */
		67037A822B9F7E56007C183D /* PBXTargetDependency */ = {
			isa = PBXTargetDependency;
			target = 67037A6F2B9F7E55007C183D /* SwiftSamples */;
			targetProxy = 67037A812B9F7E56007C183D /* PBXContainerItemProxy */;
		};
		67037A8C2B9F7E56007C183D /* PBXTargetDependency */ = {
			isa = PBXTargetDependency;
			target = 67037A6F2B9F7E55007C183D /* SwiftSamples */;
			targetProxy = 67037A8B2B9F7E56007C183D /* PBXContainerItemProxy */;
		};
		670992302BA09F8F004F11F6 /* PBXTargetDependency */ = {
			isa = PBXTargetDependency;
			target = 6709921C2BA09F8D004F11F6 /* SampleLiveActivityExtension */;
			targetProxy = 6709922F2BA09F8F004F11F6 /* PBXContainerItemProxy */;
		};
/* End PBXTargetDependency section */

/* Begin XCBuildConfiguration section */
		67037A922B9F7E56007C183D /* Debug */ = {
			isa = XCBuildConfiguration;
			buildSettings = {
				ALWAYS_SEARCH_USER_PATHS = NO;
				ASSETCATALOG_COMPILER_GENERATE_SWIFT_ASSET_SYMBOL_EXTENSIONS = YES;
				CLANG_ANALYZER_NONNULL = YES;
				CLANG_ANALYZER_NUMBER_OBJECT_CONVERSION = YES_AGGRESSIVE;
				CLANG_CXX_LANGUAGE_STANDARD = "gnu++20";
				CLANG_ENABLE_MODULES = YES;
				CLANG_ENABLE_OBJC_ARC = YES;
				CLANG_ENABLE_OBJC_WEAK = YES;
				CLANG_WARN_BLOCK_CAPTURE_AUTORELEASING = YES;
				CLANG_WARN_BOOL_CONVERSION = YES;
				CLANG_WARN_COMMA = YES;
				CLANG_WARN_CONSTANT_CONVERSION = YES;
				CLANG_WARN_DEPRECATED_OBJC_IMPLEMENTATIONS = YES;
				CLANG_WARN_DIRECT_OBJC_ISA_USAGE = YES_ERROR;
				CLANG_WARN_DOCUMENTATION_COMMENTS = YES;
				CLANG_WARN_EMPTY_BODY = YES;
				CLANG_WARN_ENUM_CONVERSION = YES;
				CLANG_WARN_INFINITE_RECURSION = YES;
				CLANG_WARN_INT_CONVERSION = YES;
				CLANG_WARN_NON_LITERAL_NULL_CONVERSION = YES;
				CLANG_WARN_OBJC_IMPLICIT_RETAIN_SELF = YES;
				CLANG_WARN_OBJC_LITERAL_CONVERSION = YES;
				CLANG_WARN_OBJC_ROOT_CLASS = YES_ERROR;
				CLANG_WARN_QUOTED_INCLUDE_IN_FRAMEWORK_HEADER = YES;
				CLANG_WARN_RANGE_LOOP_ANALYSIS = YES;
				CLANG_WARN_STRICT_PROTOTYPES = YES;
				CLANG_WARN_SUSPICIOUS_MOVE = YES;
				CLANG_WARN_UNGUARDED_AVAILABILITY = YES_AGGRESSIVE;
				CLANG_WARN_UNREACHABLE_CODE = YES;
				CLANG_WARN__DUPLICATE_METHOD_MATCH = YES;
				COPY_PHASE_STRIP = NO;
				DEBUG_INFORMATION_FORMAT = dwarf;
				ENABLE_STRICT_OBJC_MSGSEND = YES;
				ENABLE_TESTABILITY = YES;
				ENABLE_USER_SCRIPT_SANDBOXING = YES;
				GCC_C_LANGUAGE_STANDARD = gnu17;
				GCC_DYNAMIC_NO_PIC = NO;
				GCC_NO_COMMON_BLOCKS = YES;
				GCC_OPTIMIZATION_LEVEL = 0;
				GCC_PREPROCESSOR_DEFINITIONS = (
					"DEBUG=1",
					"$(inherited)",
				);
				GCC_WARN_64_TO_32_BIT_CONVERSION = YES;
				GCC_WARN_ABOUT_RETURN_TYPE = YES_ERROR;
				GCC_WARN_UNDECLARED_SELECTOR = YES;
				GCC_WARN_UNINITIALIZED_AUTOS = YES_AGGRESSIVE;
				GCC_WARN_UNUSED_FUNCTION = YES;
				GCC_WARN_UNUSED_VARIABLE = YES;
				IPHONEOS_DEPLOYMENT_TARGET = 17.0;
				LOCALIZATION_PREFERS_STRING_CATALOGS = YES;
				MTL_ENABLE_DEBUG_INFO = INCLUDE_SOURCE;
				MTL_FAST_MATH = YES;
				ONLY_ACTIVE_ARCH = YES;
				SDKROOT = iphoneos;
				SWIFT_ACTIVE_COMPILATION_CONDITIONS = "DEBUG $(inherited)";
				SWIFT_OPTIMIZATION_LEVEL = "-Onone";
			};
			name = Debug;
		};
		67037A932B9F7E56007C183D /* Release */ = {
			isa = XCBuildConfiguration;
			buildSettings = {
				ALWAYS_SEARCH_USER_PATHS = NO;
				ASSETCATALOG_COMPILER_GENERATE_SWIFT_ASSET_SYMBOL_EXTENSIONS = YES;
				CLANG_ANALYZER_NONNULL = YES;
				CLANG_ANALYZER_NUMBER_OBJECT_CONVERSION = YES_AGGRESSIVE;
				CLANG_CXX_LANGUAGE_STANDARD = "gnu++20";
				CLANG_ENABLE_MODULES = YES;
				CLANG_ENABLE_OBJC_ARC = YES;
				CLANG_ENABLE_OBJC_WEAK = YES;
				CLANG_WARN_BLOCK_CAPTURE_AUTORELEASING = YES;
				CLANG_WARN_BOOL_CONVERSION = YES;
				CLANG_WARN_COMMA = YES;
				CLANG_WARN_CONSTANT_CONVERSION = YES;
				CLANG_WARN_DEPRECATED_OBJC_IMPLEMENTATIONS = YES;
				CLANG_WARN_DIRECT_OBJC_ISA_USAGE = YES_ERROR;
				CLANG_WARN_DOCUMENTATION_COMMENTS = YES;
				CLANG_WARN_EMPTY_BODY = YES;
				CLANG_WARN_ENUM_CONVERSION = YES;
				CLANG_WARN_INFINITE_RECURSION = YES;
				CLANG_WARN_INT_CONVERSION = YES;
				CLANG_WARN_NON_LITERAL_NULL_CONVERSION = YES;
				CLANG_WARN_OBJC_IMPLICIT_RETAIN_SELF = YES;
				CLANG_WARN_OBJC_LITERAL_CONVERSION = YES;
				CLANG_WARN_OBJC_ROOT_CLASS = YES_ERROR;
				CLANG_WARN_QUOTED_INCLUDE_IN_FRAMEWORK_HEADER = YES;
				CLANG_WARN_RANGE_LOOP_ANALYSIS = YES;
				CLANG_WARN_STRICT_PROTOTYPES = YES;
				CLANG_WARN_SUSPICIOUS_MOVE = YES;
				CLANG_WARN_UNGUARDED_AVAILABILITY = YES_AGGRESSIVE;
				CLANG_WARN_UNREACHABLE_CODE = YES;
				CLANG_WARN__DUPLICATE_METHOD_MATCH = YES;
				COPY_PHASE_STRIP = NO;
				DEBUG_INFORMATION_FORMAT = "dwarf-with-dsym";
				ENABLE_NS_ASSERTIONS = NO;
				ENABLE_STRICT_OBJC_MSGSEND = YES;
				ENABLE_USER_SCRIPT_SANDBOXING = YES;
				GCC_C_LANGUAGE_STANDARD = gnu17;
				GCC_NO_COMMON_BLOCKS = YES;
				GCC_WARN_64_TO_32_BIT_CONVERSION = YES;
				GCC_WARN_ABOUT_RETURN_TYPE = YES_ERROR;
				GCC_WARN_UNDECLARED_SELECTOR = YES;
				GCC_WARN_UNINITIALIZED_AUTOS = YES_AGGRESSIVE;
				GCC_WARN_UNUSED_FUNCTION = YES;
				GCC_WARN_UNUSED_VARIABLE = YES;
				IPHONEOS_DEPLOYMENT_TARGET = 17.0;
				LOCALIZATION_PREFERS_STRING_CATALOGS = YES;
				MTL_ENABLE_DEBUG_INFO = NO;
				MTL_FAST_MATH = YES;
				SDKROOT = iphoneos;
				SWIFT_COMPILATION_MODE = wholemodule;
				VALIDATE_PRODUCT = YES;
			};
			name = Release;
		};
		67037A952B9F7E56007C183D /* Debug */ = {
			isa = XCBuildConfiguration;
			buildSettings = {
				ALWAYS_EMBED_SWIFT_STANDARD_LIBRARIES = YES;
				ASSETCATALOG_COMPILER_APPICON_NAME = AppIcon;
				ASSETCATALOG_COMPILER_GLOBAL_ACCENT_COLOR_NAME = AccentColor;
				CODE_SIGN_ENTITLEMENTS = SwiftSamples/SwiftSamples.entitlements;
				CODE_SIGN_IDENTITY = "Apple Development";
				CODE_SIGN_STYLE = Automatic;
				CURRENT_PROJECT_VERSION = 1;
				DEVELOPMENT_ASSET_PATHS = "\"SwiftSamples/Preview Content\"";
				DEVELOPMENT_TEAM = D2B3JPR4TJ;
				ENABLE_PREVIEWS = YES;
				GENERATE_INFOPLIST_FILE = YES;
				INFOPLIST_FILE = SwiftSamples/Info.plist;
				INFOPLIST_KEY_NSPhotoLibraryUsageDescription = "Save Image!";
				INFOPLIST_KEY_NSSupportsLiveActivities = YES;
				INFOPLIST_KEY_UIApplicationSceneManifest_Generation = YES;
				INFOPLIST_KEY_UIApplicationSupportsIndirectInputEvents = YES;
				INFOPLIST_KEY_UILaunchScreen_Generation = YES;
				INFOPLIST_KEY_UISupportedInterfaceOrientations_iPad = "UIInterfaceOrientationPortrait UIInterfaceOrientationPortraitUpsideDown UIInterfaceOrientationLandscapeLeft UIInterfaceOrientationLandscapeRight";
				INFOPLIST_KEY_UISupportedInterfaceOrientations_iPhone = "UIInterfaceOrientationPortrait UIInterfaceOrientationLandscapeLeft UIInterfaceOrientationLandscapeRight";
				LD_RUNPATH_SEARCH_PATHS = (
					"$(inherited)",
					"@executable_path/Frameworks",
				);
				MARKETING_VERSION = 1.0;
				PRODUCT_BUNDLE_IDENTIFIER = kei.SwiftSamples;
				PRODUCT_NAME = "$(TARGET_NAME)";
				PROVISIONING_PROFILE_SPECIFIER = "";
				SWIFT_EMIT_LOC_STRINGS = YES;
				SWIFT_VERSION = 5.0;
				TARGETED_DEVICE_FAMILY = "1,2";
			};
			name = Debug;
		};
		67037A962B9F7E56007C183D /* Release */ = {
			isa = XCBuildConfiguration;
			buildSettings = {
				ALWAYS_EMBED_SWIFT_STANDARD_LIBRARIES = YES;
				ASSETCATALOG_COMPILER_APPICON_NAME = AppIcon;
				ASSETCATALOG_COMPILER_GLOBAL_ACCENT_COLOR_NAME = AccentColor;
				CODE_SIGN_ENTITLEMENTS = SwiftSamples/SwiftSamples.entitlements;
				CODE_SIGN_IDENTITY = "Apple Development";
				CODE_SIGN_STYLE = Automatic;
				CURRENT_PROJECT_VERSION = 1;
				DEVELOPMENT_ASSET_PATHS = "\"SwiftSamples/Preview Content\"";
				DEVELOPMENT_TEAM = D2B3JPR4TJ;
				ENABLE_PREVIEWS = YES;
				GENERATE_INFOPLIST_FILE = YES;
				INFOPLIST_FILE = SwiftSamples/Info.plist;
				INFOPLIST_KEY_NSPhotoLibraryUsageDescription = "Save Image!";
				INFOPLIST_KEY_NSSupportsLiveActivities = YES;
				INFOPLIST_KEY_UIApplicationSceneManifest_Generation = YES;
				INFOPLIST_KEY_UIApplicationSupportsIndirectInputEvents = YES;
				INFOPLIST_KEY_UILaunchScreen_Generation = YES;
				INFOPLIST_KEY_UISupportedInterfaceOrientations_iPad = "UIInterfaceOrientationPortrait UIInterfaceOrientationPortraitUpsideDown UIInterfaceOrientationLandscapeLeft UIInterfaceOrientationLandscapeRight";
				INFOPLIST_KEY_UISupportedInterfaceOrientations_iPhone = "UIInterfaceOrientationPortrait UIInterfaceOrientationLandscapeLeft UIInterfaceOrientationLandscapeRight";
				LD_RUNPATH_SEARCH_PATHS = (
					"$(inherited)",
					"@executable_path/Frameworks",
				);
				MARKETING_VERSION = 1.0;
				PRODUCT_BUNDLE_IDENTIFIER = kei.SwiftSamples;
				PRODUCT_NAME = "$(TARGET_NAME)";
				PROVISIONING_PROFILE_SPECIFIER = "";
				SWIFT_EMIT_LOC_STRINGS = YES;
				SWIFT_VERSION = 5.0;
				TARGETED_DEVICE_FAMILY = "1,2";
			};
			name = Release;
		};
		67037A982B9F7E56007C183D /* Debug */ = {
			isa = XCBuildConfiguration;
			buildSettings = {
				ALWAYS_EMBED_SWIFT_STANDARD_LIBRARIES = YES;
				BUNDLE_LOADER = "$(TEST_HOST)";
				CODE_SIGN_STYLE = Automatic;
				CURRENT_PROJECT_VERSION = 1;
				DEVELOPMENT_TEAM = D2B3JPR4TJ;
				GENERATE_INFOPLIST_FILE = YES;
				IPHONEOS_DEPLOYMENT_TARGET = 17.0;
				MARKETING_VERSION = 1.0;
				PRODUCT_BUNDLE_IDENTIFIER = kei.SwiftSamplesTests;
				PRODUCT_NAME = "$(TARGET_NAME)";
				SWIFT_EMIT_LOC_STRINGS = NO;
				SWIFT_VERSION = 5.0;
				TARGETED_DEVICE_FAMILY = "1,2";
				TEST_HOST = "$(BUILT_PRODUCTS_DIR)/SwiftSamples.app/$(BUNDLE_EXECUTABLE_FOLDER_PATH)/SwiftSamples";
			};
			name = Debug;
		};
		67037A992B9F7E56007C183D /* Release */ = {
			isa = XCBuildConfiguration;
			buildSettings = {
				ALWAYS_EMBED_SWIFT_STANDARD_LIBRARIES = YES;
				BUNDLE_LOADER = "$(TEST_HOST)";
				CODE_SIGN_STYLE = Automatic;
				CURRENT_PROJECT_VERSION = 1;
				DEVELOPMENT_TEAM = D2B3JPR4TJ;
				GENERATE_INFOPLIST_FILE = YES;
				IPHONEOS_DEPLOYMENT_TARGET = 17.0;
				MARKETING_VERSION = 1.0;
				PRODUCT_BUNDLE_IDENTIFIER = kei.SwiftSamplesTests;
				PRODUCT_NAME = "$(TARGET_NAME)";
				SWIFT_EMIT_LOC_STRINGS = NO;
				SWIFT_VERSION = 5.0;
				TARGETED_DEVICE_FAMILY = "1,2";
				TEST_HOST = "$(BUILT_PRODUCTS_DIR)/SwiftSamples.app/$(BUNDLE_EXECUTABLE_FOLDER_PATH)/SwiftSamples";
			};
			name = Release;
		};
		67037A9B2B9F7E56007C183D /* Debug */ = {
			isa = XCBuildConfiguration;
			buildSettings = {
				ALWAYS_EMBED_SWIFT_STANDARD_LIBRARIES = YES;
				CODE_SIGN_STYLE = Automatic;
				CURRENT_PROJECT_VERSION = 1;
				DEVELOPMENT_TEAM = D2B3JPR4TJ;
				GENERATE_INFOPLIST_FILE = YES;
				MARKETING_VERSION = 1.0;
				PRODUCT_BUNDLE_IDENTIFIER = kei.SwiftSamplesUITests;
				PRODUCT_NAME = "$(TARGET_NAME)";
				SWIFT_EMIT_LOC_STRINGS = NO;
				SWIFT_VERSION = 5.0;
				TARGETED_DEVICE_FAMILY = "1,2";
				TEST_TARGET_NAME = SwiftSamples;
			};
			name = Debug;
		};
		67037A9C2B9F7E56007C183D /* Release */ = {
			isa = XCBuildConfiguration;
			buildSettings = {
				ALWAYS_EMBED_SWIFT_STANDARD_LIBRARIES = YES;
				CODE_SIGN_STYLE = Automatic;
				CURRENT_PROJECT_VERSION = 1;
				DEVELOPMENT_TEAM = D2B3JPR4TJ;
				GENERATE_INFOPLIST_FILE = YES;
				MARKETING_VERSION = 1.0;
				PRODUCT_BUNDLE_IDENTIFIER = kei.SwiftSamplesUITests;
				PRODUCT_NAME = "$(TARGET_NAME)";
				SWIFT_EMIT_LOC_STRINGS = NO;
				SWIFT_VERSION = 5.0;
				TARGETED_DEVICE_FAMILY = "1,2";
				TEST_TARGET_NAME = SwiftSamples;
			};
			name = Release;
		};
		670992332BA09F8F004F11F6 /* Debug */ = {
			isa = XCBuildConfiguration;
			buildSettings = {
				ASSETCATALOG_COMPILER_GLOBAL_ACCENT_COLOR_NAME = AccentColor;
				ASSETCATALOG_COMPILER_WIDGET_BACKGROUND_COLOR_NAME = WidgetBackground;
				CODE_SIGN_IDENTITY = "Apple Development";
				CODE_SIGN_STYLE = Automatic;
				CURRENT_PROJECT_VERSION = 1;
				DEVELOPMENT_TEAM = D2B3JPR4TJ;
				GENERATE_INFOPLIST_FILE = YES;
				INFOPLIST_FILE = SampleLiveActivity/Info.plist;
				INFOPLIST_KEY_CFBundleDisplayName = SampleLiveActivity;
				INFOPLIST_KEY_NSHumanReadableCopyright = "";
				LD_RUNPATH_SEARCH_PATHS = (
					"$(inherited)",
					"@executable_path/Frameworks",
					"@executable_path/../../Frameworks",
				);
				MARKETING_VERSION = 1.0;
				PRODUCT_BUNDLE_IDENTIFIER = kei.SwiftSamples.SampleLiveActivity;
				PRODUCT_NAME = "$(TARGET_NAME)";
				PROVISIONING_PROFILE_SPECIFIER = "";
				SKIP_INSTALL = YES;
				SWIFT_EMIT_LOC_STRINGS = YES;
				SWIFT_VERSION = 5.0;
				TARGETED_DEVICE_FAMILY = "1,2";
			};
			name = Debug;
		};
		670992342BA09F8F004F11F6 /* Release */ = {
			isa = XCBuildConfiguration;
			buildSettings = {
				ASSETCATALOG_COMPILER_GLOBAL_ACCENT_COLOR_NAME = AccentColor;
				ASSETCATALOG_COMPILER_WIDGET_BACKGROUND_COLOR_NAME = WidgetBackground;
				CODE_SIGN_IDENTITY = "Apple Development";
				CODE_SIGN_STYLE = Automatic;
				CURRENT_PROJECT_VERSION = 1;
				DEVELOPMENT_TEAM = D2B3JPR4TJ;
				GENERATE_INFOPLIST_FILE = YES;
				INFOPLIST_FILE = SampleLiveActivity/Info.plist;
				INFOPLIST_KEY_CFBundleDisplayName = SampleLiveActivity;
				INFOPLIST_KEY_NSHumanReadableCopyright = "";
				LD_RUNPATH_SEARCH_PATHS = (
					"$(inherited)",
					"@executable_path/Frameworks",
					"@executable_path/../../Frameworks",
				);
				MARKETING_VERSION = 1.0;
				PRODUCT_BUNDLE_IDENTIFIER = kei.SwiftSamples.SampleLiveActivity;
				PRODUCT_NAME = "$(TARGET_NAME)";
				PROVISIONING_PROFILE_SPECIFIER = "";
				SKIP_INSTALL = YES;
				SWIFT_EMIT_LOC_STRINGS = YES;
				SWIFT_VERSION = 5.0;
				TARGETED_DEVICE_FAMILY = "1,2";
			};
			name = Release;
		};
/* End XCBuildConfiguration section */

/* Begin XCConfigurationList section */
		67037A6B2B9F7E55007C183D /* Build configuration list for PBXProject "SwiftSamples" */ = {
			isa = XCConfigurationList;
			buildConfigurations = (
				67037A922B9F7E56007C183D /* Debug */,
				67037A932B9F7E56007C183D /* Release */,
			);
			defaultConfigurationIsVisible = 0;
			defaultConfigurationName = Release;
		};
		67037A942B9F7E56007C183D /* Build configuration list for PBXNativeTarget "SwiftSamples" */ = {
			isa = XCConfigurationList;
			buildConfigurations = (
				67037A952B9F7E56007C183D /* Debug */,
				67037A962B9F7E56007C183D /* Release */,
			);
			defaultConfigurationIsVisible = 0;
			defaultConfigurationName = Release;
		};
		67037A972B9F7E56007C183D /* Build configuration list for PBXNativeTarget "SwiftSamplesTests" */ = {
			isa = XCConfigurationList;
			buildConfigurations = (
				67037A982B9F7E56007C183D /* Debug */,
				67037A992B9F7E56007C183D /* Release */,
			);
			defaultConfigurationIsVisible = 0;
			defaultConfigurationName = Release;
		};
		67037A9A2B9F7E56007C183D /* Build configuration list for PBXNativeTarget "SwiftSamplesUITests" */ = {
			isa = XCConfigurationList;
			buildConfigurations = (
				67037A9B2B9F7E56007C183D /* Debug */,
				67037A9C2B9F7E56007C183D /* Release */,
			);
			defaultConfigurationIsVisible = 0;
			defaultConfigurationName = Release;
		};
		670992352BA09F8F004F11F6 /* Build configuration list for PBXNativeTarget "SampleLiveActivityExtension" */ = {
			isa = XCConfigurationList;
			buildConfigurations = (
				670992332BA09F8F004F11F6 /* Debug */,
				670992342BA09F8F004F11F6 /* Release */,
			);
			defaultConfigurationIsVisible = 0;
			defaultConfigurationName = Release;
		};
/* End XCConfigurationList section */

/* Begin XCRemoteSwiftPackageReference section */
		678E3DD42B9F872100BFE91F /* XCRemoteSwiftPackageReference "swift-composable-architecture" */ = {
			isa = XCRemoteSwiftPackageReference;
			repositoryURL = "https://github.com/pointfreeco/swift-composable-architecture";
			requirement = {
				kind = exactVersion;
				version = 1.10.2;
			};
		};
		678E3DD72B9F878800BFE91F /* XCRemoteSwiftPackageReference "Kingfisher" */ = {
			isa = XCRemoteSwiftPackageReference;
			repositoryURL = "https://github.com/onevcat/Kingfisher";
			requirement = {
				kind = upToNextMajorVersion;
				minimumVersion = 7.11.0;
			};
		};
		67B77CE62CEE591300721C8B /* XCRemoteSwiftPackageReference "firebase-ios-sdk" */ = {
			isa = XCRemoteSwiftPackageReference;
			repositoryURL = "https://github.com/firebase/firebase-ios-sdk";
			requirement = {
				kind = upToNextMajorVersion;
				minimumVersion = 11.5.0;
			};
		};
		67B77CFF2CEE5A0D00721C8B /* XCRemoteSwiftPackageReference "GoogleSignIn-iOS" */ = {
			isa = XCRemoteSwiftPackageReference;
			repositoryURL = "https://github.com/google/GoogleSignIn-iOS";
			requirement = {
				kind = upToNextMajorVersion;
				minimumVersion = 8.0.0;
			};
		};
/* End XCRemoteSwiftPackageReference section */

/* Begin XCSwiftPackageProductDependency section */
		678E3DD52B9F872100BFE91F /* ComposableArchitecture */ = {
			isa = XCSwiftPackageProductDependency;
			package = 678E3DD42B9F872100BFE91F /* XCRemoteSwiftPackageReference "swift-composable-architecture" */;
			productName = ComposableArchitecture;
		};
		678E3DD82B9F878800BFE91F /* Kingfisher */ = {
			isa = XCSwiftPackageProductDependency;
			package = 678E3DD72B9F878800BFE91F /* XCRemoteSwiftPackageReference "Kingfisher" */;
			productName = Kingfisher;
		};
		67B77CE72CEE591300721C8B /* FirebaseAnalytics */ = {
			isa = XCSwiftPackageProductDependency;
			package = 67B77CE62CEE591300721C8B /* XCRemoteSwiftPackageReference "firebase-ios-sdk" */;
			productName = FirebaseAnalytics;
		};
		67B77CE92CEE591300721C8B /* FirebaseAppCheck */ = {
			isa = XCSwiftPackageProductDependency;
			package = 67B77CE62CEE591300721C8B /* XCRemoteSwiftPackageReference "firebase-ios-sdk" */;
			productName = FirebaseAppCheck;
		};
		67B77CEB2CEE591300721C8B /* FirebaseAuth */ = {
			isa = XCSwiftPackageProductDependency;
			package = 67B77CE62CEE591300721C8B /* XCRemoteSwiftPackageReference "firebase-ios-sdk" */;
			productName = FirebaseAuth;
		};
		67B77CED2CEE591300721C8B /* FirebaseCore */ = {
			isa = XCSwiftPackageProductDependency;
			package = 67B77CE62CEE591300721C8B /* XCRemoteSwiftPackageReference "firebase-ios-sdk" */;
			productName = FirebaseCore;
		};
		67B77CEF2CEE591300721C8B /* FirebaseCrashlytics */ = {
			isa = XCSwiftPackageProductDependency;
			package = 67B77CE62CEE591300721C8B /* XCRemoteSwiftPackageReference "firebase-ios-sdk" */;
			productName = FirebaseCrashlytics;
		};
		67B77CF12CEE591300721C8B /* FirebaseDatabase */ = {
			isa = XCSwiftPackageProductDependency;
			package = 67B77CE62CEE591300721C8B /* XCRemoteSwiftPackageReference "firebase-ios-sdk" */;
			productName = FirebaseDatabase;
		};
		67B77CF32CEE591300721C8B /* FirebaseFirestore */ = {
			isa = XCSwiftPackageProductDependency;
			package = 67B77CE62CEE591300721C8B /* XCRemoteSwiftPackageReference "firebase-ios-sdk" */;
			productName = FirebaseFirestore;
		};
		67B77CF52CEE591300721C8B /* FirebaseFunctions */ = {
			isa = XCSwiftPackageProductDependency;
			package = 67B77CE62CEE591300721C8B /* XCRemoteSwiftPackageReference "firebase-ios-sdk" */;
			productName = FirebaseFunctions;
		};
		67B77CF72CEE591300721C8B /* FirebaseInAppMessaging-Beta */ = {
			isa = XCSwiftPackageProductDependency;
			package = 67B77CE62CEE591300721C8B /* XCRemoteSwiftPackageReference "firebase-ios-sdk" */;
			productName = "FirebaseInAppMessaging-Beta";
		};
		67B77CF92CEE591300721C8B /* FirebaseMessaging */ = {
			isa = XCSwiftPackageProductDependency;
			package = 67B77CE62CEE591300721C8B /* XCRemoteSwiftPackageReference "firebase-ios-sdk" */;
			productName = FirebaseMessaging;
		};
		67B77CFB2CEE591300721C8B /* FirebaseRemoteConfig */ = {
			isa = XCSwiftPackageProductDependency;
			package = 67B77CE62CEE591300721C8B /* XCRemoteSwiftPackageReference "firebase-ios-sdk" */;
			productName = FirebaseRemoteConfig;
		};
		67B77CFD2CEE591300721C8B /* FirebaseStorage */ = {
			isa = XCSwiftPackageProductDependency;
			package = 67B77CE62CEE591300721C8B /* XCRemoteSwiftPackageReference "firebase-ios-sdk" */;
			productName = FirebaseStorage;
		};
		67B77D002CEE5A0D00721C8B /* GoogleSignIn */ = {
			isa = XCSwiftPackageProductDependency;
			package = 67B77CFF2CEE5A0D00721C8B /* XCRemoteSwiftPackageReference "GoogleSignIn-iOS" */;
			productName = GoogleSignIn;
		};
		67B77D022CEE5A0D00721C8B /* GoogleSignInSwift */ = {
			isa = XCSwiftPackageProductDependency;
			package = 67B77CFF2CEE5A0D00721C8B /* XCRemoteSwiftPackageReference "GoogleSignIn-iOS" */;
			productName = GoogleSignInSwift;
		};
/* End XCSwiftPackageProductDependency section */
	};
	rootObject = 67037A682B9F7E55007C183D /* Project object */;
}
